
Microsoft Visual Studio Solution File, Format Version 12.00
# Visual Studio Version 17
VisualStudioVersion = 17.8.34330.188
MinimumVisualStudioVersion = 10.0.40219.1
Project("{9A19103F-16F7-4668-BE54-9A1E7A4F7556}") = "ZZZCodeChumTests", "CodeChumTests\ZZZCodeChumTests.csproj", "{31DE4F09-2E52-4FBE-8ECE-E3F0A671FB7B}"
EndProject
Project("{2150E333-8FDC-42A3-9474-1A3956D46DE8}") = "Listbox and Combo Box", "Listbox and Combo Box", "{21A1D77B-3837-4BE2-B3B9-5CD2CBC800E3}"
EndProject
Project("{2150E333-8FDC-42A3-9474-1A3956D46DE8}") = "MessageBoxes", "MessageBoxes", "{58B6D37A-F27B-4975-807F-AAF95205F472}"
EndProject
Project("{2150E333-8FDC-42A3-9474-1A3956D46DE8}") = "ListVIew", "ListVIew", "{A29CC4A8-CCBA-49C4-9A1F-F5CAFEAFF28A}"
EndProject
Project("{2150E333-8FDC-42A3-9474-1A3956D46DE8}") = "CommonDialog", "CommonDialog", "{FA378437-69B4-4DA1-A9BA-CF7868EE17A6}"
EndProject
Project("{2150E333-8FDC-42A3-9474-1A3956D46DE8}") = "ModalDialog", "ModalDialog", "{08385201-8A5E-4896-9209-F3CD800A410D}"
EndProject
Project("{2150E333-8FDC-42A3-9474-1A3956D46DE8}") = "MainMenus", "MainMenus", "{B8068590-B341-4574-8BDC-3FC35542F4CC}"
EndProject
Project("{2150E333-8FDC-42A3-9474-1A3956D46DE8}") = "StatusBars", "StatusBars", "{5B2FAB83-501E-4884-BFB7-66FF903E87AA}"
EndProject
Project("{2150E333-8FDC-42A3-9474-1A3956D46DE8}") = "Toolbars", "Toolbars", "{19794BB3-A9F0-444D-B43C-6035A8E3EE79}"
EndProject
Project("{2150E333-8FDC-42A3-9474-1A3956D46DE8}") = "Panel", "Panel", "{F3C7466D-B425-4C3A-9379-EB5CE635A165}"
EndProject
Project("{2150E333-8FDC-42A3-9474-1A3956D46DE8}") = "TreeView", "TreeView", "{C80A3965-5439-4CED-8393-748BC4418A37}"
EndProject
Project("{2150E333-8FDC-42A3-9474-1A3956D46DE8}") = "Splitter", "Splitter", "{0B80EA16-9BC5-44B9-9F8F-0AEA09D8BA27}"
EndProject
Project("{2150E333-8FDC-42A3-9474-1A3956D46DE8}") = "TabControl", "TabControl", "{D2E0500C-308D-4A23-AB46-14F8EAD276A2}"
EndProject
Project("{9A19103F-16F7-4668-BE54-9A1E7A4F7556}") = "PictureExplorer", "CommonDialog\PictureExplorer\PictureExplorer.csproj", "{BD8C31FB-813A-4F55-8AD7-BA887AA927D2}"
EndProject
Project("{9A19103F-16F7-4668-BE54-9A1E7A4F7556}") = "TextFileMerger", "CommonDialog\TextFileMerger\TextFileMerger.csproj", "{5242A57A-A192-44E2-AE3F-EBF7AE317C5A}"
EndProject
Project("{9A19103F-16F7-4668-BE54-9A1E7A4F7556}") = "MovieCatalogue", "ListboxAndComboBox\MovieCatalogue\MovieCatalogue.csproj", "{AC090879-D84E-4950-A215-28808BD9FF07}"
EndProject
Project("{9A19103F-16F7-4668-BE54-9A1E7A4F7556}") = "TaskTracker", "ListboxAndComboBox\TaskTracker\TaskTracker.csproj", "{0FE62DE6-97F1-4F70-9347-ADCB914C9CC8}"
EndProject
Project("{9A19103F-16F7-4668-BE54-9A1E7A4F7556}") = "ContactManagement", "ListView\ContactManagement\ContactManagement.csproj", "{B83A1129-CD96-4CBD-AAD3-44BD17329798}"
EndProject
Project("{9A19103F-16F7-4668-BE54-9A1E7A4F7556}") = "StudentInfo", "ListView\StudentInfo\StudentInfo.csproj", "{2D70F93B-1087-41D1-9B3B-F2B21E4A3245}"
EndProject
Project("{9A19103F-16F7-4668-BE54-9A1E7A4F7556}") = "CopyPasteMenus", "MainMenus\CopyPasteMenus\CopyPasteMenus.csproj", "{B1BA145D-062C-4258-80C8-E008494D72E5}"
EndProject
Project("{9A19103F-16F7-4668-BE54-9A1E7A4F7556}") = "DarkMode", "MainMenus\DarkMode\DarkMode.csproj", "{2206E8FE-B064-4E47-908D-EB4D0ACAEA32}"
EndProject
Project("{9A19103F-16F7-4668-BE54-9A1E7A4F7556}") = "RoboGreeter", "MessageBoxes\RoboGreeter\RoboGreeter.csproj", "{0B2274A0-383E-414E-867A-B83467A10152}"
EndProject
Project("{9A19103F-16F7-4668-BE54-9A1E7A4F7556}") = "VirtualPet", "MessageBoxes\VirtualPet\VirtualPet.csproj", "{36E3328B-D68D-4F04-BD75-13A817BF63AC}"
EndProject
Project("{9A19103F-16F7-4668-BE54-9A1E7A4F7556}") = "ClassCreation", "ModalDialog\ClassCreation\ClassCreation.csproj", "{E43B55E2-4900-4212-8F0A-9B3B9571B32E}"
EndProject
Project("{9A19103F-16F7-4668-BE54-9A1E7A4F7556}") = "InventoryManagement", "ModalDialog\InventoryManagement\InventoryManagement.csproj", "{13002302-CE2C-4EE5-8784-C99E35AAE322}"
EndProject
Project("{9A19103F-16F7-4668-BE54-9A1E7A4F7556}") = "BookInterface", "Splitters\BookInterface\BookInterface.csproj", "{FA5C283A-2271-4E94-BD46-9C46E8929FAF}"
EndProject
Project("{9A19103F-16F7-4668-BE54-9A1E7A4F7556}") = "TaskTrackerWithStatus", "StatusBars\TaskTrackerWithStatus\TaskTrackerWithStatus.csproj", "{0D36EC6A-6771-4F46-91C4-B6ADB171BA59}"
EndProject
Project("{9A19103F-16F7-4668-BE54-9A1E7A4F7556}") = "WeatherApp", "StatusBars\WeatherApp\WeatherApp.csproj", "{F25AD2B2-0698-4227-9CEF-738B69E1366A}"
EndProject
Project("{9A19103F-16F7-4668-BE54-9A1E7A4F7556}") = "BookLibrary", "TabControl\BookLibrary\BookLibrary.csproj", "{82CB0A00-1D08-4CE5-9919-443D19E12453}"
EndProject
Project("{9A19103F-16F7-4668-BE54-9A1E7A4F7556}") = "DrawingCanvasApp", "Toolbars\DrawingCanvasApp\DrawingCanvasApp.csproj", "{1270D710-46F7-4BAD-9551-F3E63415B45D}"
EndProject
Project("{9A19103F-16F7-4668-BE54-9A1E7A4F7556}") = "SimpleWordApp", "Toolbars\SimpleWordApp\SimpleWordApp.csproj", "{992DC9AA-CA60-4CB9-9687-7F51F33B11B5}"
EndProject
Project("{9A19103F-16F7-4668-BE54-9A1E7A4F7556}") = "DragDrop", "TreeViews\DragDrop\DragDrop.csproj", "{76CA9494-9115-4039-98F5-08073DE98003}"
EndProject
Project("{9A19103F-16F7-4668-BE54-9A1E7A4F7556}") = "FileExplorer", "TreeViews\FileExplorer\FileExplorer.csproj", "{28BFD067-A20E-458D-A699-77FCD941A9CD}"
EndProject
Project("{9A19103F-16F7-4668-BE54-9A1E7A4F7556}") = "VendingMachineApp", "Panels\VendingMachineApp\VendingMachineApp.csproj", "{822EBF05-672A-412B-AE6A-651DC26DEE60}"
EndProject
Global
	GlobalSection(SolutionConfigurationPlatforms) = preSolution
		Debug|Any CPU = Debug|Any CPU
		Release|Any CPU = Release|Any CPU
	EndGlobalSection
	GlobalSection(ProjectConfigurationPlatforms) = postSolution
		{31DE4F09-2E52-4FBE-8ECE-E3F0A671FB7B}.Debug|Any CPU.ActiveCfg = Debug|Any CPU
		{31DE4F09-2E52-4FBE-8ECE-E3F0A671FB7B}.Debug|Any CPU.Build.0 = Debug|Any CPU
		{31DE4F09-2E52-4FBE-8ECE-E3F0A671FB7B}.Release|Any CPU.ActiveCfg = Release|Any CPU
		{31DE4F09-2E52-4FBE-8ECE-E3F0A671FB7B}.Release|Any CPU.Build.0 = Release|Any CPU
		{BD8C31FB-813A-4F55-8AD7-BA887AA927D2}.Debug|Any CPU.ActiveCfg = Debug|Any CPU
		{BD8C31FB-813A-4F55-8AD7-BA887AA927D2}.Debug|Any CPU.Build.0 = Debug|Any CPU
		{BD8C31FB-813A-4F55-8AD7-BA887AA927D2}.Release|Any CPU.ActiveCfg = Release|Any CPU
		{BD8C31FB-813A-4F55-8AD7-BA887AA927D2}.Release|Any CPU.Build.0 = Release|Any CPU
		{5242A57A-A192-44E2-AE3F-EBF7AE317C5A}.Debug|Any CPU.ActiveCfg = Debug|Any CPU
		{5242A57A-A192-44E2-AE3F-EBF7AE317C5A}.Debug|Any CPU.Build.0 = Debug|Any CPU
		{5242A57A-A192-44E2-AE3F-EBF7AE317C5A}.Release|Any CPU.ActiveCfg = Release|Any CPU
		{5242A57A-A192-44E2-AE3F-EBF7AE317C5A}.Release|Any CPU.Build.0 = Release|Any CPU
		{AC090879-D84E-4950-A215-28808BD9FF07}.Debug|Any CPU.ActiveCfg = Debug|Any CPU
		{AC090879-D84E-4950-A215-28808BD9FF07}.Debug|Any CPU.Build.0 = Debug|Any CPU
		{AC090879-D84E-4950-A215-28808BD9FF07}.Release|Any CPU.ActiveCfg = Release|Any CPU
		{AC090879-D84E-4950-A215-28808BD9FF07}.Release|Any CPU.Build.0 = Release|Any CPU
		{0FE62DE6-97F1-4F70-9347-ADCB914C9CC8}.Debug|Any CPU.ActiveCfg = Debug|Any CPU
		{0FE62DE6-97F1-4F70-9347-ADCB914C9CC8}.Debug|Any CPU.Build.0 = Debug|Any CPU
		{0FE62DE6-97F1-4F70-9347-ADCB914C9CC8}.Release|Any CPU.ActiveCfg = Release|Any CPU
		{0FE62DE6-97F1-4F70-9347-ADCB914C9CC8}.Release|Any CPU.Build.0 = Release|Any CPU
		{B83A1129-CD96-4CBD-AAD3-44BD17329798}.Debug|Any CPU.ActiveCfg = Debug|Any CPU
		{B83A1129-CD96-4CBD-AAD3-44BD17329798}.Debug|Any CPU.Build.0 = Debug|Any CPU
		{B83A1129-CD96-4CBD-AAD3-44BD17329798}.Release|Any CPU.ActiveCfg = Release|Any CPU
		{B83A1129-CD96-4CBD-AAD3-44BD17329798}.Release|Any CPU.Build.0 = Release|Any CPU
		{2D70F93B-1087-41D1-9B3B-F2B21E4A3245}.Debug|Any CPU.ActiveCfg = Debug|Any CPU
		{2D70F93B-1087-41D1-9B3B-F2B21E4A3245}.Debug|Any CPU.Build.0 = Debug|Any CPU
		{2D70F93B-1087-41D1-9B3B-F2B21E4A3245}.Release|Any CPU.ActiveCfg = Release|Any CPU
		{2D70F93B-1087-41D1-9B3B-F2B21E4A3245}.Release|Any CPU.Build.0 = Release|Any CPU
		{B1BA145D-062C-4258-80C8-E008494D72E5}.Debug|Any CPU.ActiveCfg = Debug|Any CPU
		{B1BA145D-062C-4258-80C8-E008494D72E5}.Debug|Any CPU.Build.0 = Debug|Any CPU
		{B1BA145D-062C-4258-80C8-E008494D72E5}.Release|Any CPU.ActiveCfg = Release|Any CPU
		{B1BA145D-062C-4258-80C8-E008494D72E5}.Release|Any CPU.Build.0 = Release|Any CPU
		{2206E8FE-B064-4E47-908D-EB4D0ACAEA32}.Debug|Any CPU.ActiveCfg = Debug|Any CPU
		{2206E8FE-B064-4E47-908D-EB4D0ACAEA32}.Debug|Any CPU.Build.0 = Debug|Any CPU
		{2206E8FE-B064-4E47-908D-EB4D0ACAEA32}.Release|Any CPU.ActiveCfg = Release|Any CPU
		{2206E8FE-B064-4E47-908D-EB4D0ACAEA32}.Release|Any CPU.Build.0 = Release|Any CPU
		{0B2274A0-383E-414E-867A-B83467A10152}.Debug|Any CPU.ActiveCfg = Debug|Any CPU
		{0B2274A0-383E-414E-867A-B83467A10152}.Debug|Any CPU.Build.0 = Debug|Any CPU
		{0B2274A0-383E-414E-867A-B83467A10152}.Release|Any CPU.ActiveCfg = Release|Any CPU
		{0B2274A0-383E-414E-867A-B83467A10152}.Release|Any CPU.Build.0 = Release|Any CPU
		{36E3328B-D68D-4F04-BD75-13A817BF63AC}.Debug|Any CPU.ActiveCfg = Debug|Any CPU
		{36E3328B-D68D-4F04-BD75-13A817BF63AC}.Debug|Any CPU.Build.0 = Debug|Any CPU
		{36E3328B-D68D-4F04-BD75-13A817BF63AC}.Release|Any CPU.ActiveCfg = Release|Any CPU
		{36E3328B-D68D-4F04-BD75-13A817BF63AC}.Release|Any CPU.Build.0 = Release|Any CPU
		{E43B55E2-4900-4212-8F0A-9B3B9571B32E}.Debug|Any CPU.ActiveCfg = Debug|Any CPU
		{E43B55E2-4900-4212-8F0A-9B3B9571B32E}.Debug|Any CPU.Build.0 = Debug|Any CPU
		{E43B55E2-4900-4212-8F0A-9B3B9571B32E}.Release|Any CPU.ActiveCfg = Release|Any CPU
		{E43B55E2-4900-4212-8F0A-9B3B9571B32E}.Release|Any CPU.Build.0 = Release|Any CPU
		{13002302-CE2C-4EE5-8784-C99E35AAE322}.Debug|Any CPU.ActiveCfg = Debug|Any CPU
		{13002302-CE2C-4EE5-8784-C99E35AAE322}.Debug|Any CPU.Build.0 = Debug|Any CPU
		{13002302-CE2C-4EE5-8784-C99E35AAE322}.Release|Any CPU.ActiveCfg = Release|Any CPU
		{13002302-CE2C-4EE5-8784-C99E35AAE322}.Release|Any CPU.Build.0 = Release|Any CPU
		{FA5C283A-2271-4E94-BD46-9C46E8929FAF}.Debug|Any CPU.ActiveCfg = Debug|Any CPU
		{FA5C283A-2271-4E94-BD46-9C46E8929FAF}.Debug|Any CPU.Build.0 = Debug|Any CPU
		{FA5C283A-2271-4E94-BD46-9C46E8929FAF}.Release|Any CPU.ActiveCfg = Release|Any CPU
		{FA5C283A-2271-4E94-BD46-9C46E8929FAF}.Release|Any CPU.Build.0 = Release|Any CPU
		{0D36EC6A-6771-4F46-91C4-B6ADB171BA59}.Debug|Any CPU.ActiveCfg = Debug|Any CPU
		{0D36EC6A-6771-4F46-91C4-B6ADB171BA59}.Debug|Any CPU.Build.0 = Debug|Any CPU
		{0D36EC6A-6771-4F46-91C4-B6ADB171BA59}.Release|Any CPU.ActiveCfg = Release|Any CPU
		{0D36EC6A-6771-4F46-91C4-B6ADB171BA59}.Release|Any CPU.Build.0 = Release|Any CPU
		{F25AD2B2-0698-4227-9CEF-738B69E1366A}.Debug|Any CPU.ActiveCfg = Debug|Any CPU
		{F25AD2B2-0698-4227-9CEF-738B69E1366A}.Debug|Any CPU.Build.0 = Debug|Any CPU
		{F25AD2B2-0698-4227-9CEF-738B69E1366A}.Release|Any CPU.ActiveCfg = Release|Any CPU
		{F25AD2B2-0698-4227-9CEF-738B69E1366A}.Release|Any CPU.Build.0 = Release|Any CPU
		{82CB0A00-1D08-4CE5-9919-443D19E12453}.Debug|Any CPU.ActiveCfg = Debug|Any CPU
		{82CB0A00-1D08-4CE5-9919-443D19E12453}.Debug|Any CPU.Build.0 = Debug|Any CPU
		{82CB0A00-1D08-4CE5-9919-443D19E12453}.Release|Any CPU.ActiveCfg = Release|Any CPU
		{82CB0A00-1D08-4CE5-9919-443D19E12453}.Release|Any CPU.Build.0 = Release|Any CPU
		{1270D710-46F7-4BAD-9551-F3E63415B45D}.Debug|Any CPU.ActiveCfg = Debug|Any CPU
		{1270D710-46F7-4BAD-9551-F3E63415B45D}.Debug|Any CPU.Build.0 = Debug|Any CPU
		{1270D710-46F7-4BAD-9551-F3E63415B45D}.Release|Any CPU.ActiveCfg = Release|Any CPU
		{1270D710-46F7-4BAD-9551-F3E63415B45D}.Release|Any CPU.Build.0 = Release|Any CPU
		{992DC9AA-CA60-4CB9-9687-7F51F33B11B5}.Debug|Any CPU.ActiveCfg = Debug|Any CPU
		{992DC9AA-CA60-4CB9-9687-7F51F33B11B5}.Debug|Any CPU.Build.0 = Debug|Any CPU
		{992DC9AA-CA60-4CB9-9687-7F51F33B11B5}.Release|Any CPU.ActiveCfg = Release|Any CPU
		{992DC9AA-CA60-4CB9-9687-7F51F33B11B5}.Release|Any CPU.Build.0 = Release|Any CPU
		{76CA9494-9115-4039-98F5-08073DE98003}.Debug|Any CPU.ActiveCfg = Debug|Any CPU
		{76CA9494-9115-4039-98F5-08073DE98003}.Debug|Any CPU.Build.0 = Debug|Any CPU
		{76CA9494-9115-4039-98F5-08073DE98003}.Release|Any CPU.ActiveCfg = Release|Any CPU
		{76CA9494-9115-4039-98F5-08073DE98003}.Release|Any CPU.Build.0 = Release|Any CPU
		{28BFD067-A20E-458D-A699-77FCD941A9CD}.Debug|Any CPU.ActiveCfg = Debug|Any CPU
		{28BFD067-A20E-458D-A699-77FCD941A9CD}.Debug|Any CPU.Build.0 = Debug|Any CPU
		{28BFD067-A20E-458D-A699-77FCD941A9CD}.Release|Any CPU.ActiveCfg = Release|Any CPU
		{28BFD067-A20E-458D-A699-77FCD941A9CD}.Release|Any CPU.Build.0 = Release|Any CPU
		{822EBF05-672A-412B-AE6A-651DC26DEE60}.Debug|Any CPU.ActiveCfg = Debug|Any CPU
		{822EBF05-672A-412B-AE6A-651DC26DEE60}.Debug|Any CPU.Build.0 = Debug|Any CPU
		{822EBF05-672A-412B-AE6A-651DC26DEE60}.Release|Any CPU.ActiveCfg = Release|Any CPU
		{822EBF05-672A-412B-AE6A-651DC26DEE60}.Release|Any CPU.Build.0 = Release|Any CPU
	EndGlobalSection
	GlobalSection(SolutionProperties) = preSolution
		HideSolutionNode = FALSE
	EndGlobalSection
	GlobalSection(NestedProjects) = preSolution
		{BD8C31FB-813A-4F55-8AD7-BA887AA927D2} = {FA378437-69B4-4DA1-A9BA-CF7868EE17A6}
		{5242A57A-A192-44E2-AE3F-EBF7AE317C5A} = {FA378437-69B4-4DA1-A9BA-CF7868EE17A6}
		{AC090879-D84E-4950-A215-28808BD9FF07} = {21A1D77B-3837-4BE2-B3B9-5CD2CBC800E3}
		{0FE62DE6-97F1-4F70-9347-ADCB914C9CC8} = {21A1D77B-3837-4BE2-B3B9-5CD2CBC800E3}
		{B83A1129-CD96-4CBD-AAD3-44BD17329798} = {A29CC4A8-CCBA-49C4-9A1F-F5CAFEAFF28A}
		{2D70F93B-1087-41D1-9B3B-F2B21E4A3245} = {A29CC4A8-CCBA-49C4-9A1F-F5CAFEAFF28A}
		{B1BA145D-062C-4258-80C8-E008494D72E5} = {B8068590-B341-4574-8BDC-3FC35542F4CC}
		{2206E8FE-B064-4E47-908D-EB4D0ACAEA32} = {B8068590-B341-4574-8BDC-3FC35542F4CC}
		{0B2274A0-383E-414E-867A-B83467A10152} = {58B6D37A-F27B-4975-807F-AAF95205F472}
		{36E3328B-D68D-4F04-BD75-13A817BF63AC} = {58B6D37A-F27B-4975-807F-AAF95205F472}
		{E43B55E2-4900-4212-8F0A-9B3B9571B32E} = {08385201-8A5E-4896-9209-F3CD800A410D}
		{13002302-CE2C-4EE5-8784-C99E35AAE322} = {08385201-8A5E-4896-9209-F3CD800A410D}
		{FA5C283A-2271-4E94-BD46-9C46E8929FAF} = {0B80EA16-9BC5-44B9-9F8F-0AEA09D8BA27}
		{0D36EC6A-6771-4F46-91C4-B6ADB171BA59} = {5B2FAB83-501E-4884-BFB7-66FF903E87AA}
		{F25AD2B2-0698-4227-9CEF-738B69E1366A} = {5B2FAB83-501E-4884-BFB7-66FF903E87AA}
		{82CB0A00-1D08-4CE5-9919-443D19E12453} = {D2E0500C-308D-4A23-AB46-14F8EAD276A2}
		{1270D710-46F7-4BAD-9551-F3E63415B45D} = {19794BB3-A9F0-444D-B43C-6035A8E3EE79}
		{992DC9AA-CA60-4CB9-9687-7F51F33B11B5} = {19794BB3-A9F0-444D-B43C-6035A8E3EE79}
		{76CA9494-9115-4039-98F5-08073DE98003} = {C80A3965-5439-4CED-8393-748BC4418A37}
		{28BFD067-A20E-458D-A699-77FCD941A9CD} = {C80A3965-5439-4CED-8393-748BC4418A37}
		{822EBF05-672A-412B-AE6A-651DC26DEE60} = {F3C7466D-B425-4C3A-9379-EB5CE635A165}
	EndGlobalSection
	GlobalSection(ExtensibilityGlobals) = postSolution
		SolutionGuid = {5410CE62-4C2F-48C8-AE45-4C99B2F2A890}
	EndGlobalSection
EndGlobal
