
Microsoft Visual Studio Solution File, Format Version 12.00
# Visual Studio Version 17
VisualStudioVersion = 17.8.34330.188
MinimumVisualStudioVersion = 10.0.40219.1
Project("{9A19103F-16F7-4668-BE54-9A1E7A4F7556}") = "ZZZCodeChumTests", "CodeChumTests\ZZZCodeChumTests.csproj", "{31DE4F09-2E52-4FBE-8ECE-E3F0A671FB7B}"
EndProject
<<<<<<< HEAD
Project("{2150E333-8FDC-42A3-9474-1A3956D46DE8}") = "Listbox and Combo Box", "Listbox and Combo Box", "{21A1D77B-3837-4BE2-B3B9-5CD2CBC800E3}"
EndProject
Project("{2150E333-8FDC-42A3-9474-1A3956D46DE8}") = "MessageBoxes", "MessageBoxes", "{58B6D37A-F27B-4975-807F-AAF95205F472}"
EndProject
Project("{2150E333-8FDC-42A3-9474-1A3956D46DE8}") = "ListVIew", "ListVIew", "{A29CC4A8-CCBA-49C4-9A1F-F5CAFEAFF28A}"
EndProject
Project("{2150E333-8FDC-42A3-9474-1A3956D46DE8}") = "CommonDialog", "CommonDialog", "{FA378437-69B4-4DA1-A9BA-CF7868EE17A6}"
EndProject
Project("{2150E333-8FDC-42A3-9474-1A3956D46DE8}") = "ModalDialog", "ModalDialog", "{08385201-8A5E-4896-9209-F3CD800A410D}"
EndProject
Project("{2150E333-8FDC-42A3-9474-1A3956D46DE8}") = "MainMenus", "MainMenus", "{B8068590-B341-4574-8BDC-3FC35542F4CC}"
EndProject
Project("{2150E333-8FDC-42A3-9474-1A3956D46DE8}") = "StatusBars", "StatusBars", "{5B2FAB83-501E-4884-BFB7-66FF903E87AA}"
EndProject
Project("{2150E333-8FDC-42A3-9474-1A3956D46DE8}") = "Toolbars", "Toolbars", "{19794BB3-A9F0-444D-B43C-6035A8E3EE79}"
EndProject
Project("{2150E333-8FDC-42A3-9474-1A3956D46DE8}") = "Panel", "Panel", "{F3C7466D-B425-4C3A-9379-EB5CE635A165}"
EndProject
Project("{2150E333-8FDC-42A3-9474-1A3956D46DE8}") = "TreeView", "TreeView", "{C80A3965-5439-4CED-8393-748BC4418A37}"
EndProject
Project("{2150E333-8FDC-42A3-9474-1A3956D46DE8}") = "Splitter", "Splitter", "{0B80EA16-9BC5-44B9-9F8F-0AEA09D8BA27}"
EndProject
Project("{2150E333-8FDC-42A3-9474-1A3956D46DE8}") = "TabControl", "TabControl", "{D2E0500C-308D-4A23-AB46-14F8EAD276A2}"
EndProject
Project("{9A19103F-16F7-4668-BE54-9A1E7A4F7556}") = "PictureExplorer", "CommonDialog\PictureExplorer\PictureExplorer.csproj", "{BD8C31FB-813A-4F55-8AD7-BA887AA927D2}"
EndProject
Project("{9A19103F-16F7-4668-BE54-9A1E7A4F7556}") = "TextFileMerger", "CommonDialog\TextFileMerger\TextFileMerger.csproj", "{5242A57A-A192-44E2-AE3F-EBF7AE317C5A}"
EndProject
Project("{9A19103F-16F7-4668-BE54-9A1E7A4F7556}") = "MovieCatalogue", "ListboxAndComboBox\MovieCatalogue\MovieCatalogue.csproj", "{AC090879-D84E-4950-A215-28808BD9FF07}"
EndProject
Project("{9A19103F-16F7-4668-BE54-9A1E7A4F7556}") = "TaskTracker", "ListboxAndComboBox\TaskTracker\TaskTracker.csproj", "{0FE62DE6-97F1-4F70-9347-ADCB914C9CC8}"
EndProject
Project("{9A19103F-16F7-4668-BE54-9A1E7A4F7556}") = "ContactManagement", "ListView\ContactManagement\ContactManagement.csproj", "{B83A1129-CD96-4CBD-AAD3-44BD17329798}"
EndProject
Project("{9A19103F-16F7-4668-BE54-9A1E7A4F7556}") = "StudentInfo", "ListView\StudentInfo\StudentInfo.csproj", "{2D70F93B-1087-41D1-9B3B-F2B21E4A3245}"
EndProject
Project("{9A19103F-16F7-4668-BE54-9A1E7A4F7556}") = "CopyPasteMenus", "MainMenus\CopyPasteMenus\CopyPasteMenus.csproj", "{B1BA145D-062C-4258-80C8-E008494D72E5}"
EndProject
Project("{9A19103F-16F7-4668-BE54-9A1E7A4F7556}") = "DarkMode", "MainMenus\DarkMode\DarkMode.csproj", "{2206E8FE-B064-4E47-908D-EB4D0ACAEA32}"
EndProject
Project("{9A19103F-16F7-4668-BE54-9A1E7A4F7556}") = "RoboGreeter", "MessageBoxes\RoboGreeter\RoboGreeter.csproj", "{0B2274A0-383E-414E-867A-B83467A10152}"
EndProject
Project("{9A19103F-16F7-4668-BE54-9A1E7A4F7556}") = "VirtualPet", "MessageBoxes\VirtualPet\VirtualPet.csproj", "{36E3328B-D68D-4F04-BD75-13A817BF63AC}"
EndProject
Project("{9A19103F-16F7-4668-BE54-9A1E7A4F7556}") = "ClassCreation", "ModalDialog\ClassCreation\ClassCreation.csproj", "{E43B55E2-4900-4212-8F0A-9B3B9571B32E}"
EndProject
Project("{9A19103F-16F7-4668-BE54-9A1E7A4F7556}") = "InventoryManagement", "ModalDialog\InventoryManagement\InventoryManagement.csproj", "{13002302-CE2C-4EE5-8784-C99E35AAE322}"
EndProject
Project("{9A19103F-16F7-4668-BE54-9A1E7A4F7556}") = "BookInterface", "Splitters\BookInterface\BookInterface.csproj", "{FA5C283A-2271-4E94-BD46-9C46E8929FAF}"
EndProject
Project("{9A19103F-16F7-4668-BE54-9A1E7A4F7556}") = "TaskTrackerWithStatus", "StatusBars\TaskTrackerWithStatus\TaskTrackerWithStatus.csproj", "{0D36EC6A-6771-4F46-91C4-B6ADB171BA59}"
EndProject
Project("{9A19103F-16F7-4668-BE54-9A1E7A4F7556}") = "WeatherApp", "StatusBars\WeatherApp\WeatherApp.csproj", "{F25AD2B2-0698-4227-9CEF-738B69E1366A}"
EndProject
Project("{9A19103F-16F7-4668-BE54-9A1E7A4F7556}") = "BookLibrary", "TabControl\BookLibrary\BookLibrary.csproj", "{82CB0A00-1D08-4CE5-9919-443D19E12453}"
EndProject
Project("{9A19103F-16F7-4668-BE54-9A1E7A4F7556}") = "DrawingCanvasApp", "Toolbars\DrawingCanvasApp\DrawingCanvasApp.csproj", "{1270D710-46F7-4BAD-9551-F3E63415B45D}"
EndProject
Project("{9A19103F-16F7-4668-BE54-9A1E7A4F7556}") = "SimpleWordApp", "Toolbars\SimpleWordApp\SimpleWordApp.csproj", "{992DC9AA-CA60-4CB9-9687-7F51F33B11B5}"
EndProject
Project("{9A19103F-16F7-4668-BE54-9A1E7A4F7556}") = "DragDrop", "TreeViews\DragDrop\DragDrop.csproj", "{76CA9494-9115-4039-98F5-08073DE98003}"
EndProject
Project("{9A19103F-16F7-4668-BE54-9A1E7A4F7556}") = "FileExplorer", "TreeViews\FileExplorer\FileExplorer.csproj", "{28BFD067-A20E-458D-A699-77FCD941A9CD}"
EndProject
Project("{9A19103F-16F7-4668-BE54-9A1E7A4F7556}") = "VendingMachineApp", "Panels\VendingMachineApp\VendingMachineApp.csproj", "{822EBF05-672A-412B-AE6A-651DC26DEE60}"
=======
Project("{2150E333-8FDC-42A3-9474-1A3956D46DE8}") = "Labels", "Labels", "{51ED2A94-BBF1-47B8-A55E-86F33BBE63C0}"
EndProject
Project("{2150E333-8FDC-42A3-9474-1A3956D46DE8}") = "Buttons", "Buttons", "{39ED8800-838F-4650-9CE7-96326DF0E42F}"
EndProject
Project("{2150E333-8FDC-42A3-9474-1A3956D46DE8}") = "MonthCalendar", "MonthCalendar", "{6B29607D-336B-4F85-B2CB-E21927460691}"
EndProject
Project("{2150E333-8FDC-42A3-9474-1A3956D46DE8}") = "CheckboxRadioButtonAndGroupBox", "CheckboxRadioButtonAndGroupBox", "{822CFDA9-CDBE-4EDA-BEE7-0EE24079C0BB}"
EndProject
Project("{2150E333-8FDC-42A3-9474-1A3956D46DE8}") = "Combobox", "Combobox", "{E4B28377-47F5-43B5-A5BF-8359AAC76A45}"
EndProject
Project("{2150E333-8FDC-42A3-9474-1A3956D46DE8}") = "DateTimePicker", "DateTimePicker", "{B1A194E2-6A80-4ED8-807F-33A799201C33}"
EndProject
Project("{2150E333-8FDC-42A3-9474-1A3956D46DE8}") = "EventHandlers", "EventHandlers", "{4CBE12AB-4A07-48DE-A735-9FEB8FFBC5D7}"
EndProject
Project("{2150E333-8FDC-42A3-9474-1A3956D46DE8}") = "NumericUpDown", "NumericUpDown", "{BB47E349-3564-46D8-9821-F0C3FF1D200A}"
EndProject
Project("{2150E333-8FDC-42A3-9474-1A3956D46DE8}") = "ProgressBars", "ProgressBars", "{AE7966A4-4436-474D-9E0F-07FF3CED5C0B}"
EndProject
Project("{2150E333-8FDC-42A3-9474-1A3956D46DE8}") = "TextBoxControls", "TextBoxControls", "{38B00697-138C-45B9-818F-65163B3C7CB0}"
EndProject
Project("{2150E333-8FDC-42A3-9474-1A3956D46DE8}") = "Trackbar", "Trackbar", "{5EC436E0-90F4-45D0-999A-33E7A547307E}"
EndProject
Project("{9A19103F-16F7-4668-BE54-9A1E7A4F7556}") = "Orchestra", "Buttons\Orchestra\Orchestra.csproj", "{173DACD1-4FED-4915-87BF-05E54AD3366B}"
EndProject
Project("{9A19103F-16F7-4668-BE54-9A1E7A4F7556}") = "PortalSequence", "Buttons\PortalSequence\PortalSequence.csproj", "{7A1DBC7E-54D8-406A-BC23-CBD788410E86}"
EndProject
Project("{9A19103F-16F7-4668-BE54-9A1E7A4F7556}") = "PizzaPlanner", "CheckboxRadioButtonAndGroupBox\PizzaPlanner\PizzaPlanner.csproj", "{00861A3D-3408-4198-A1F7-8F4C7839D1E0}"
EndProject
Project("{9A19103F-16F7-4668-BE54-9A1E7A4F7556}") = "PotionBrewing", "CheckboxRadioButtonAndGroupBox\PotionBrewing\PotionBrewing.csproj", "{529C8C6F-5B0E-4760-8D10-8B324050A266}"
EndProject
Project("{9A19103F-16F7-4668-BE54-9A1E7A4F7556}") = "DestinationDecoder", "Combobox\DestinationDecoder\DestinationDecoder.csproj", "{632F9016-A745-44CB-9E8F-0DB651B64444}"
EndProject
Project("{9A19103F-16F7-4668-BE54-9A1E7A4F7556}") = "FoodMenu", "Combobox\FoodMenu\FoodMenu.csproj", "{E1446935-8554-41DE-B47A-8B973212C4F5}"
EndProject
Project("{9A19103F-16F7-4668-BE54-9A1E7A4F7556}") = "Reservation", "DateTimePicker\Reservation\Reservation.csproj", "{204134EF-3FBD-431D-B651-6DBE0EBC081F}"
EndProject
Project("{9A19103F-16F7-4668-BE54-9A1E7A4F7556}") = "TaskSchedule", "DateTimePicker\TaskSchedule\TaskSchedule.csproj", "{B10409B3-E1B9-4914-B8B4-05C3542DDCB6}"
EndProject
Project("{9A19103F-16F7-4668-BE54-9A1E7A4F7556}") = "MysticMessenger", "EventHandlers\MysticMessenger\MysticMessenger.csproj", "{01EA71EF-A923-49AE-A811-638129BADD7C}"
EndProject
Project("{9A19103F-16F7-4668-BE54-9A1E7A4F7556}") = "TemperatureConverter", "EventHandlers\TemperatureConverter\TemperatureConverter.csproj", "{A329F449-338A-4E3E-81D3-5034984F656B}"
EndProject
Project("{9A19103F-16F7-4668-BE54-9A1E7A4F7556}") = "BlogPost", "Labels\BlogPost\BlogPost.csproj", "{16B5E293-9F0C-4044-951E-5406CB5EE818}"
EndProject
Project("{9A19103F-16F7-4668-BE54-9A1E7A4F7556}") = "Greetings", "Labels\Greetings\Greetings.csproj", "{35FF7C7F-B4B8-4AF1-9E47-AC147D3AB995}"
EndProject
Project("{9A19103F-16F7-4668-BE54-9A1E7A4F7556}") = "AdvancedPersonalCalendar", "MonthCalendar\AdvancedPersonalCalendar\AdvancedPersonalCalendar.csproj", "{B3624921-F8E2-4FE4-9E15-5528EB469F8F}"
EndProject
Project("{9A19103F-16F7-4668-BE54-9A1E7A4F7556}") = "EventCountdown", "MonthCalendar\EventCountdown\EventCountdown.csproj", "{9ACD08F6-6216-4B9D-99EF-A871E114041C}"
EndProject
Project("{9A19103F-16F7-4668-BE54-9A1E7A4F7556}") = "ExerciseMinutes", "NumericUpDown\ExerciseMinutes\ExerciseMinutes.csproj", "{FABED2D1-F44B-47DE-809C-C9A957EFD1D8}"
EndProject
Project("{9A19103F-16F7-4668-BE54-9A1E7A4F7556}") = "TicketCounter", "NumericUpDown\TicketCounter\TicketCounter.csproj", "{F0E7F189-7C54-4BB9-A959-49166AE73B36}"
EndProject
Project("{9A19103F-16F7-4668-BE54-9A1E7A4F7556}") = "DownloadManager", "ProgressBars\DownloadManager\DownloadManager.csproj", "{40E4CB3D-21FB-4483-A14F-6A2C9E89027D}"
EndProject
Project("{9A19103F-16F7-4668-BE54-9A1E7A4F7556}") = "WorkoutManager", "ProgressBars\WorkoutManager\WorkoutManager.csproj", "{8C5B6CA7-AA39-49F4-BA61-4959C539516F}"
EndProject
Project("{9A19103F-16F7-4668-BE54-9A1E7A4F7556}") = "MessageDecoder", "TextBoxControls\MessageDecoder\MessageDecoder.csproj", "{32D97254-F176-44A0-8237-CF6FCC25A12F}"
EndProject
Project("{9A19103F-16F7-4668-BE54-9A1E7A4F7556}") = "ShoppingCart", "TextBoxControls\ShoppingCart\ShoppingCart.csproj", "{3C96346E-A163-406C-8FEA-B99A7994F42A}"
EndProject
Project("{9A19103F-16F7-4668-BE54-9A1E7A4F7556}") = "Brightness", "Trackbar\Brightness\Brightness.csproj", "{C1088B80-7E93-47B7-934D-AA029B4FBE36}"
EndProject
Project("{9A19103F-16F7-4668-BE54-9A1E7A4F7556}") = "PotionBrewingRevamp", "Trackbar\PotionBrewingRevamp\PotionBrewingRevamp.csproj", "{B3C2006C-1B0A-4FD8-9E8C-2089E780708A}"
>>>>>>> fbb8529e87fe2afde4b93ff8b4f1652326ae35d2
EndProject
Global
	GlobalSection(SolutionConfigurationPlatforms) = preSolution
		Debug|Any CPU = Debug|Any CPU
		Release|Any CPU = Release|Any CPU
	EndGlobalSection
	GlobalSection(ProjectConfigurationPlatforms) = postSolution
		{31DE4F09-2E52-4FBE-8ECE-E3F0A671FB7B}.Debug|Any CPU.ActiveCfg = Debug|Any CPU
		{31DE4F09-2E52-4FBE-8ECE-E3F0A671FB7B}.Debug|Any CPU.Build.0 = Debug|Any CPU
		{31DE4F09-2E52-4FBE-8ECE-E3F0A671FB7B}.Release|Any CPU.ActiveCfg = Release|Any CPU
		{31DE4F09-2E52-4FBE-8ECE-E3F0A671FB7B}.Release|Any CPU.Build.0 = Release|Any CPU
<<<<<<< HEAD
		{BD8C31FB-813A-4F55-8AD7-BA887AA927D2}.Debug|Any CPU.ActiveCfg = Debug|Any CPU
		{BD8C31FB-813A-4F55-8AD7-BA887AA927D2}.Debug|Any CPU.Build.0 = Debug|Any CPU
		{BD8C31FB-813A-4F55-8AD7-BA887AA927D2}.Release|Any CPU.ActiveCfg = Release|Any CPU
		{BD8C31FB-813A-4F55-8AD7-BA887AA927D2}.Release|Any CPU.Build.0 = Release|Any CPU
		{5242A57A-A192-44E2-AE3F-EBF7AE317C5A}.Debug|Any CPU.ActiveCfg = Debug|Any CPU
		{5242A57A-A192-44E2-AE3F-EBF7AE317C5A}.Debug|Any CPU.Build.0 = Debug|Any CPU
		{5242A57A-A192-44E2-AE3F-EBF7AE317C5A}.Release|Any CPU.ActiveCfg = Release|Any CPU
		{5242A57A-A192-44E2-AE3F-EBF7AE317C5A}.Release|Any CPU.Build.0 = Release|Any CPU
		{AC090879-D84E-4950-A215-28808BD9FF07}.Debug|Any CPU.ActiveCfg = Debug|Any CPU
		{AC090879-D84E-4950-A215-28808BD9FF07}.Debug|Any CPU.Build.0 = Debug|Any CPU
		{AC090879-D84E-4950-A215-28808BD9FF07}.Release|Any CPU.ActiveCfg = Release|Any CPU
		{AC090879-D84E-4950-A215-28808BD9FF07}.Release|Any CPU.Build.0 = Release|Any CPU
		{0FE62DE6-97F1-4F70-9347-ADCB914C9CC8}.Debug|Any CPU.ActiveCfg = Debug|Any CPU
		{0FE62DE6-97F1-4F70-9347-ADCB914C9CC8}.Debug|Any CPU.Build.0 = Debug|Any CPU
		{0FE62DE6-97F1-4F70-9347-ADCB914C9CC8}.Release|Any CPU.ActiveCfg = Release|Any CPU
		{0FE62DE6-97F1-4F70-9347-ADCB914C9CC8}.Release|Any CPU.Build.0 = Release|Any CPU
		{B83A1129-CD96-4CBD-AAD3-44BD17329798}.Debug|Any CPU.ActiveCfg = Debug|Any CPU
		{B83A1129-CD96-4CBD-AAD3-44BD17329798}.Debug|Any CPU.Build.0 = Debug|Any CPU
		{B83A1129-CD96-4CBD-AAD3-44BD17329798}.Release|Any CPU.ActiveCfg = Release|Any CPU
		{B83A1129-CD96-4CBD-AAD3-44BD17329798}.Release|Any CPU.Build.0 = Release|Any CPU
		{2D70F93B-1087-41D1-9B3B-F2B21E4A3245}.Debug|Any CPU.ActiveCfg = Debug|Any CPU
		{2D70F93B-1087-41D1-9B3B-F2B21E4A3245}.Debug|Any CPU.Build.0 = Debug|Any CPU
		{2D70F93B-1087-41D1-9B3B-F2B21E4A3245}.Release|Any CPU.ActiveCfg = Release|Any CPU
		{2D70F93B-1087-41D1-9B3B-F2B21E4A3245}.Release|Any CPU.Build.0 = Release|Any CPU
		{B1BA145D-062C-4258-80C8-E008494D72E5}.Debug|Any CPU.ActiveCfg = Debug|Any CPU
		{B1BA145D-062C-4258-80C8-E008494D72E5}.Debug|Any CPU.Build.0 = Debug|Any CPU
		{B1BA145D-062C-4258-80C8-E008494D72E5}.Release|Any CPU.ActiveCfg = Release|Any CPU
		{B1BA145D-062C-4258-80C8-E008494D72E5}.Release|Any CPU.Build.0 = Release|Any CPU
		{2206E8FE-B064-4E47-908D-EB4D0ACAEA32}.Debug|Any CPU.ActiveCfg = Debug|Any CPU
		{2206E8FE-B064-4E47-908D-EB4D0ACAEA32}.Debug|Any CPU.Build.0 = Debug|Any CPU
		{2206E8FE-B064-4E47-908D-EB4D0ACAEA32}.Release|Any CPU.ActiveCfg = Release|Any CPU
		{2206E8FE-B064-4E47-908D-EB4D0ACAEA32}.Release|Any CPU.Build.0 = Release|Any CPU
		{0B2274A0-383E-414E-867A-B83467A10152}.Debug|Any CPU.ActiveCfg = Debug|Any CPU
		{0B2274A0-383E-414E-867A-B83467A10152}.Debug|Any CPU.Build.0 = Debug|Any CPU
		{0B2274A0-383E-414E-867A-B83467A10152}.Release|Any CPU.ActiveCfg = Release|Any CPU
		{0B2274A0-383E-414E-867A-B83467A10152}.Release|Any CPU.Build.0 = Release|Any CPU
		{36E3328B-D68D-4F04-BD75-13A817BF63AC}.Debug|Any CPU.ActiveCfg = Debug|Any CPU
		{36E3328B-D68D-4F04-BD75-13A817BF63AC}.Debug|Any CPU.Build.0 = Debug|Any CPU
		{36E3328B-D68D-4F04-BD75-13A817BF63AC}.Release|Any CPU.ActiveCfg = Release|Any CPU
		{36E3328B-D68D-4F04-BD75-13A817BF63AC}.Release|Any CPU.Build.0 = Release|Any CPU
		{E43B55E2-4900-4212-8F0A-9B3B9571B32E}.Debug|Any CPU.ActiveCfg = Debug|Any CPU
		{E43B55E2-4900-4212-8F0A-9B3B9571B32E}.Debug|Any CPU.Build.0 = Debug|Any CPU
		{E43B55E2-4900-4212-8F0A-9B3B9571B32E}.Release|Any CPU.ActiveCfg = Release|Any CPU
		{E43B55E2-4900-4212-8F0A-9B3B9571B32E}.Release|Any CPU.Build.0 = Release|Any CPU
		{13002302-CE2C-4EE5-8784-C99E35AAE322}.Debug|Any CPU.ActiveCfg = Debug|Any CPU
		{13002302-CE2C-4EE5-8784-C99E35AAE322}.Debug|Any CPU.Build.0 = Debug|Any CPU
		{13002302-CE2C-4EE5-8784-C99E35AAE322}.Release|Any CPU.ActiveCfg = Release|Any CPU
		{13002302-CE2C-4EE5-8784-C99E35AAE322}.Release|Any CPU.Build.0 = Release|Any CPU
		{FA5C283A-2271-4E94-BD46-9C46E8929FAF}.Debug|Any CPU.ActiveCfg = Debug|Any CPU
		{FA5C283A-2271-4E94-BD46-9C46E8929FAF}.Debug|Any CPU.Build.0 = Debug|Any CPU
		{FA5C283A-2271-4E94-BD46-9C46E8929FAF}.Release|Any CPU.ActiveCfg = Release|Any CPU
		{FA5C283A-2271-4E94-BD46-9C46E8929FAF}.Release|Any CPU.Build.0 = Release|Any CPU
		{0D36EC6A-6771-4F46-91C4-B6ADB171BA59}.Debug|Any CPU.ActiveCfg = Debug|Any CPU
		{0D36EC6A-6771-4F46-91C4-B6ADB171BA59}.Debug|Any CPU.Build.0 = Debug|Any CPU
		{0D36EC6A-6771-4F46-91C4-B6ADB171BA59}.Release|Any CPU.ActiveCfg = Release|Any CPU
		{0D36EC6A-6771-4F46-91C4-B6ADB171BA59}.Release|Any CPU.Build.0 = Release|Any CPU
		{F25AD2B2-0698-4227-9CEF-738B69E1366A}.Debug|Any CPU.ActiveCfg = Debug|Any CPU
		{F25AD2B2-0698-4227-9CEF-738B69E1366A}.Debug|Any CPU.Build.0 = Debug|Any CPU
		{F25AD2B2-0698-4227-9CEF-738B69E1366A}.Release|Any CPU.ActiveCfg = Release|Any CPU
		{F25AD2B2-0698-4227-9CEF-738B69E1366A}.Release|Any CPU.Build.0 = Release|Any CPU
		{82CB0A00-1D08-4CE5-9919-443D19E12453}.Debug|Any CPU.ActiveCfg = Debug|Any CPU
		{82CB0A00-1D08-4CE5-9919-443D19E12453}.Debug|Any CPU.Build.0 = Debug|Any CPU
		{82CB0A00-1D08-4CE5-9919-443D19E12453}.Release|Any CPU.ActiveCfg = Release|Any CPU
		{82CB0A00-1D08-4CE5-9919-443D19E12453}.Release|Any CPU.Build.0 = Release|Any CPU
		{1270D710-46F7-4BAD-9551-F3E63415B45D}.Debug|Any CPU.ActiveCfg = Debug|Any CPU
		{1270D710-46F7-4BAD-9551-F3E63415B45D}.Debug|Any CPU.Build.0 = Debug|Any CPU
		{1270D710-46F7-4BAD-9551-F3E63415B45D}.Release|Any CPU.ActiveCfg = Release|Any CPU
		{1270D710-46F7-4BAD-9551-F3E63415B45D}.Release|Any CPU.Build.0 = Release|Any CPU
		{992DC9AA-CA60-4CB9-9687-7F51F33B11B5}.Debug|Any CPU.ActiveCfg = Debug|Any CPU
		{992DC9AA-CA60-4CB9-9687-7F51F33B11B5}.Debug|Any CPU.Build.0 = Debug|Any CPU
		{992DC9AA-CA60-4CB9-9687-7F51F33B11B5}.Release|Any CPU.ActiveCfg = Release|Any CPU
		{992DC9AA-CA60-4CB9-9687-7F51F33B11B5}.Release|Any CPU.Build.0 = Release|Any CPU
		{76CA9494-9115-4039-98F5-08073DE98003}.Debug|Any CPU.ActiveCfg = Debug|Any CPU
		{76CA9494-9115-4039-98F5-08073DE98003}.Debug|Any CPU.Build.0 = Debug|Any CPU
		{76CA9494-9115-4039-98F5-08073DE98003}.Release|Any CPU.ActiveCfg = Release|Any CPU
		{76CA9494-9115-4039-98F5-08073DE98003}.Release|Any CPU.Build.0 = Release|Any CPU
		{28BFD067-A20E-458D-A699-77FCD941A9CD}.Debug|Any CPU.ActiveCfg = Debug|Any CPU
		{28BFD067-A20E-458D-A699-77FCD941A9CD}.Debug|Any CPU.Build.0 = Debug|Any CPU
		{28BFD067-A20E-458D-A699-77FCD941A9CD}.Release|Any CPU.ActiveCfg = Release|Any CPU
		{28BFD067-A20E-458D-A699-77FCD941A9CD}.Release|Any CPU.Build.0 = Release|Any CPU
		{822EBF05-672A-412B-AE6A-651DC26DEE60}.Debug|Any CPU.ActiveCfg = Debug|Any CPU
		{822EBF05-672A-412B-AE6A-651DC26DEE60}.Debug|Any CPU.Build.0 = Debug|Any CPU
		{822EBF05-672A-412B-AE6A-651DC26DEE60}.Release|Any CPU.ActiveCfg = Release|Any CPU
		{822EBF05-672A-412B-AE6A-651DC26DEE60}.Release|Any CPU.Build.0 = Release|Any CPU
=======
		{173DACD1-4FED-4915-87BF-05E54AD3366B}.Debug|Any CPU.ActiveCfg = Debug|Any CPU
		{173DACD1-4FED-4915-87BF-05E54AD3366B}.Debug|Any CPU.Build.0 = Debug|Any CPU
		{173DACD1-4FED-4915-87BF-05E54AD3366B}.Release|Any CPU.ActiveCfg = Release|Any CPU
		{173DACD1-4FED-4915-87BF-05E54AD3366B}.Release|Any CPU.Build.0 = Release|Any CPU
		{7A1DBC7E-54D8-406A-BC23-CBD788410E86}.Debug|Any CPU.ActiveCfg = Debug|Any CPU
		{7A1DBC7E-54D8-406A-BC23-CBD788410E86}.Debug|Any CPU.Build.0 = Debug|Any CPU
		{7A1DBC7E-54D8-406A-BC23-CBD788410E86}.Release|Any CPU.ActiveCfg = Release|Any CPU
		{7A1DBC7E-54D8-406A-BC23-CBD788410E86}.Release|Any CPU.Build.0 = Release|Any CPU
		{00861A3D-3408-4198-A1F7-8F4C7839D1E0}.Debug|Any CPU.ActiveCfg = Debug|Any CPU
		{00861A3D-3408-4198-A1F7-8F4C7839D1E0}.Debug|Any CPU.Build.0 = Debug|Any CPU
		{00861A3D-3408-4198-A1F7-8F4C7839D1E0}.Release|Any CPU.ActiveCfg = Release|Any CPU
		{00861A3D-3408-4198-A1F7-8F4C7839D1E0}.Release|Any CPU.Build.0 = Release|Any CPU
		{529C8C6F-5B0E-4760-8D10-8B324050A266}.Debug|Any CPU.ActiveCfg = Debug|Any CPU
		{529C8C6F-5B0E-4760-8D10-8B324050A266}.Debug|Any CPU.Build.0 = Debug|Any CPU
		{529C8C6F-5B0E-4760-8D10-8B324050A266}.Release|Any CPU.ActiveCfg = Release|Any CPU
		{529C8C6F-5B0E-4760-8D10-8B324050A266}.Release|Any CPU.Build.0 = Release|Any CPU
		{632F9016-A745-44CB-9E8F-0DB651B64444}.Debug|Any CPU.ActiveCfg = Debug|Any CPU
		{632F9016-A745-44CB-9E8F-0DB651B64444}.Debug|Any CPU.Build.0 = Debug|Any CPU
		{632F9016-A745-44CB-9E8F-0DB651B64444}.Release|Any CPU.ActiveCfg = Release|Any CPU
		{632F9016-A745-44CB-9E8F-0DB651B64444}.Release|Any CPU.Build.0 = Release|Any CPU
		{E1446935-8554-41DE-B47A-8B973212C4F5}.Debug|Any CPU.ActiveCfg = Debug|Any CPU
		{E1446935-8554-41DE-B47A-8B973212C4F5}.Debug|Any CPU.Build.0 = Debug|Any CPU
		{E1446935-8554-41DE-B47A-8B973212C4F5}.Release|Any CPU.ActiveCfg = Release|Any CPU
		{E1446935-8554-41DE-B47A-8B973212C4F5}.Release|Any CPU.Build.0 = Release|Any CPU
		{204134EF-3FBD-431D-B651-6DBE0EBC081F}.Debug|Any CPU.ActiveCfg = Debug|Any CPU
		{204134EF-3FBD-431D-B651-6DBE0EBC081F}.Debug|Any CPU.Build.0 = Debug|Any CPU
		{204134EF-3FBD-431D-B651-6DBE0EBC081F}.Release|Any CPU.ActiveCfg = Release|Any CPU
		{204134EF-3FBD-431D-B651-6DBE0EBC081F}.Release|Any CPU.Build.0 = Release|Any CPU
		{B10409B3-E1B9-4914-B8B4-05C3542DDCB6}.Debug|Any CPU.ActiveCfg = Debug|Any CPU
		{B10409B3-E1B9-4914-B8B4-05C3542DDCB6}.Debug|Any CPU.Build.0 = Debug|Any CPU
		{B10409B3-E1B9-4914-B8B4-05C3542DDCB6}.Release|Any CPU.ActiveCfg = Release|Any CPU
		{B10409B3-E1B9-4914-B8B4-05C3542DDCB6}.Release|Any CPU.Build.0 = Release|Any CPU
		{01EA71EF-A923-49AE-A811-638129BADD7C}.Debug|Any CPU.ActiveCfg = Debug|Any CPU
		{01EA71EF-A923-49AE-A811-638129BADD7C}.Debug|Any CPU.Build.0 = Debug|Any CPU
		{01EA71EF-A923-49AE-A811-638129BADD7C}.Release|Any CPU.ActiveCfg = Release|Any CPU
		{01EA71EF-A923-49AE-A811-638129BADD7C}.Release|Any CPU.Build.0 = Release|Any CPU
		{A329F449-338A-4E3E-81D3-5034984F656B}.Debug|Any CPU.ActiveCfg = Debug|Any CPU
		{A329F449-338A-4E3E-81D3-5034984F656B}.Debug|Any CPU.Build.0 = Debug|Any CPU
		{A329F449-338A-4E3E-81D3-5034984F656B}.Release|Any CPU.ActiveCfg = Release|Any CPU
		{A329F449-338A-4E3E-81D3-5034984F656B}.Release|Any CPU.Build.0 = Release|Any CPU
		{16B5E293-9F0C-4044-951E-5406CB5EE818}.Debug|Any CPU.ActiveCfg = Debug|Any CPU
		{16B5E293-9F0C-4044-951E-5406CB5EE818}.Debug|Any CPU.Build.0 = Debug|Any CPU
		{16B5E293-9F0C-4044-951E-5406CB5EE818}.Release|Any CPU.ActiveCfg = Release|Any CPU
		{16B5E293-9F0C-4044-951E-5406CB5EE818}.Release|Any CPU.Build.0 = Release|Any CPU
		{35FF7C7F-B4B8-4AF1-9E47-AC147D3AB995}.Debug|Any CPU.ActiveCfg = Debug|Any CPU
		{35FF7C7F-B4B8-4AF1-9E47-AC147D3AB995}.Debug|Any CPU.Build.0 = Debug|Any CPU
		{35FF7C7F-B4B8-4AF1-9E47-AC147D3AB995}.Release|Any CPU.ActiveCfg = Release|Any CPU
		{35FF7C7F-B4B8-4AF1-9E47-AC147D3AB995}.Release|Any CPU.Build.0 = Release|Any CPU
		{B3624921-F8E2-4FE4-9E15-5528EB469F8F}.Debug|Any CPU.ActiveCfg = Debug|Any CPU
		{B3624921-F8E2-4FE4-9E15-5528EB469F8F}.Debug|Any CPU.Build.0 = Debug|Any CPU
		{B3624921-F8E2-4FE4-9E15-5528EB469F8F}.Release|Any CPU.ActiveCfg = Release|Any CPU
		{B3624921-F8E2-4FE4-9E15-5528EB469F8F}.Release|Any CPU.Build.0 = Release|Any CPU
		{9ACD08F6-6216-4B9D-99EF-A871E114041C}.Debug|Any CPU.ActiveCfg = Debug|Any CPU
		{9ACD08F6-6216-4B9D-99EF-A871E114041C}.Debug|Any CPU.Build.0 = Debug|Any CPU
		{9ACD08F6-6216-4B9D-99EF-A871E114041C}.Release|Any CPU.ActiveCfg = Release|Any CPU
		{9ACD08F6-6216-4B9D-99EF-A871E114041C}.Release|Any CPU.Build.0 = Release|Any CPU
		{FABED2D1-F44B-47DE-809C-C9A957EFD1D8}.Debug|Any CPU.ActiveCfg = Debug|Any CPU
		{FABED2D1-F44B-47DE-809C-C9A957EFD1D8}.Debug|Any CPU.Build.0 = Debug|Any CPU
		{FABED2D1-F44B-47DE-809C-C9A957EFD1D8}.Release|Any CPU.ActiveCfg = Release|Any CPU
		{FABED2D1-F44B-47DE-809C-C9A957EFD1D8}.Release|Any CPU.Build.0 = Release|Any CPU
		{F0E7F189-7C54-4BB9-A959-49166AE73B36}.Debug|Any CPU.ActiveCfg = Debug|Any CPU
		{F0E7F189-7C54-4BB9-A959-49166AE73B36}.Debug|Any CPU.Build.0 = Debug|Any CPU
		{F0E7F189-7C54-4BB9-A959-49166AE73B36}.Release|Any CPU.ActiveCfg = Release|Any CPU
		{F0E7F189-7C54-4BB9-A959-49166AE73B36}.Release|Any CPU.Build.0 = Release|Any CPU
		{40E4CB3D-21FB-4483-A14F-6A2C9E89027D}.Debug|Any CPU.ActiveCfg = Debug|Any CPU
		{40E4CB3D-21FB-4483-A14F-6A2C9E89027D}.Debug|Any CPU.Build.0 = Debug|Any CPU
		{40E4CB3D-21FB-4483-A14F-6A2C9E89027D}.Release|Any CPU.ActiveCfg = Release|Any CPU
		{40E4CB3D-21FB-4483-A14F-6A2C9E89027D}.Release|Any CPU.Build.0 = Release|Any CPU
		{8C5B6CA7-AA39-49F4-BA61-4959C539516F}.Debug|Any CPU.ActiveCfg = Debug|Any CPU
		{8C5B6CA7-AA39-49F4-BA61-4959C539516F}.Debug|Any CPU.Build.0 = Debug|Any CPU
		{8C5B6CA7-AA39-49F4-BA61-4959C539516F}.Release|Any CPU.ActiveCfg = Release|Any CPU
		{8C5B6CA7-AA39-49F4-BA61-4959C539516F}.Release|Any CPU.Build.0 = Release|Any CPU
		{32D97254-F176-44A0-8237-CF6FCC25A12F}.Debug|Any CPU.ActiveCfg = Debug|Any CPU
		{32D97254-F176-44A0-8237-CF6FCC25A12F}.Debug|Any CPU.Build.0 = Debug|Any CPU
		{32D97254-F176-44A0-8237-CF6FCC25A12F}.Release|Any CPU.ActiveCfg = Release|Any CPU
		{32D97254-F176-44A0-8237-CF6FCC25A12F}.Release|Any CPU.Build.0 = Release|Any CPU
		{3C96346E-A163-406C-8FEA-B99A7994F42A}.Debug|Any CPU.ActiveCfg = Debug|Any CPU
		{3C96346E-A163-406C-8FEA-B99A7994F42A}.Debug|Any CPU.Build.0 = Debug|Any CPU
		{3C96346E-A163-406C-8FEA-B99A7994F42A}.Release|Any CPU.ActiveCfg = Release|Any CPU
		{3C96346E-A163-406C-8FEA-B99A7994F42A}.Release|Any CPU.Build.0 = Release|Any CPU
		{C1088B80-7E93-47B7-934D-AA029B4FBE36}.Debug|Any CPU.ActiveCfg = Debug|Any CPU
		{C1088B80-7E93-47B7-934D-AA029B4FBE36}.Debug|Any CPU.Build.0 = Debug|Any CPU
		{C1088B80-7E93-47B7-934D-AA029B4FBE36}.Release|Any CPU.ActiveCfg = Release|Any CPU
		{C1088B80-7E93-47B7-934D-AA029B4FBE36}.Release|Any CPU.Build.0 = Release|Any CPU
		{B3C2006C-1B0A-4FD8-9E8C-2089E780708A}.Debug|Any CPU.ActiveCfg = Debug|Any CPU
		{B3C2006C-1B0A-4FD8-9E8C-2089E780708A}.Debug|Any CPU.Build.0 = Debug|Any CPU
		{B3C2006C-1B0A-4FD8-9E8C-2089E780708A}.Release|Any CPU.ActiveCfg = Release|Any CPU
		{B3C2006C-1B0A-4FD8-9E8C-2089E780708A}.Release|Any CPU.Build.0 = Release|Any CPU
>>>>>>> fbb8529e87fe2afde4b93ff8b4f1652326ae35d2
	EndGlobalSection
	GlobalSection(SolutionProperties) = preSolution
		HideSolutionNode = FALSE
	EndGlobalSection
	GlobalSection(NestedProjects) = preSolution
<<<<<<< HEAD
		{BD8C31FB-813A-4F55-8AD7-BA887AA927D2} = {FA378437-69B4-4DA1-A9BA-CF7868EE17A6}
		{5242A57A-A192-44E2-AE3F-EBF7AE317C5A} = {FA378437-69B4-4DA1-A9BA-CF7868EE17A6}
		{AC090879-D84E-4950-A215-28808BD9FF07} = {21A1D77B-3837-4BE2-B3B9-5CD2CBC800E3}
		{0FE62DE6-97F1-4F70-9347-ADCB914C9CC8} = {21A1D77B-3837-4BE2-B3B9-5CD2CBC800E3}
		{B83A1129-CD96-4CBD-AAD3-44BD17329798} = {A29CC4A8-CCBA-49C4-9A1F-F5CAFEAFF28A}
		{2D70F93B-1087-41D1-9B3B-F2B21E4A3245} = {A29CC4A8-CCBA-49C4-9A1F-F5CAFEAFF28A}
		{B1BA145D-062C-4258-80C8-E008494D72E5} = {B8068590-B341-4574-8BDC-3FC35542F4CC}
		{2206E8FE-B064-4E47-908D-EB4D0ACAEA32} = {B8068590-B341-4574-8BDC-3FC35542F4CC}
		{0B2274A0-383E-414E-867A-B83467A10152} = {58B6D37A-F27B-4975-807F-AAF95205F472}
		{36E3328B-D68D-4F04-BD75-13A817BF63AC} = {58B6D37A-F27B-4975-807F-AAF95205F472}
		{E43B55E2-4900-4212-8F0A-9B3B9571B32E} = {08385201-8A5E-4896-9209-F3CD800A410D}
		{13002302-CE2C-4EE5-8784-C99E35AAE322} = {08385201-8A5E-4896-9209-F3CD800A410D}
		{FA5C283A-2271-4E94-BD46-9C46E8929FAF} = {0B80EA16-9BC5-44B9-9F8F-0AEA09D8BA27}
		{0D36EC6A-6771-4F46-91C4-B6ADB171BA59} = {5B2FAB83-501E-4884-BFB7-66FF903E87AA}
		{F25AD2B2-0698-4227-9CEF-738B69E1366A} = {5B2FAB83-501E-4884-BFB7-66FF903E87AA}
		{82CB0A00-1D08-4CE5-9919-443D19E12453} = {D2E0500C-308D-4A23-AB46-14F8EAD276A2}
		{1270D710-46F7-4BAD-9551-F3E63415B45D} = {19794BB3-A9F0-444D-B43C-6035A8E3EE79}
		{992DC9AA-CA60-4CB9-9687-7F51F33B11B5} = {19794BB3-A9F0-444D-B43C-6035A8E3EE79}
		{76CA9494-9115-4039-98F5-08073DE98003} = {C80A3965-5439-4CED-8393-748BC4418A37}
		{28BFD067-A20E-458D-A699-77FCD941A9CD} = {C80A3965-5439-4CED-8393-748BC4418A37}
		{822EBF05-672A-412B-AE6A-651DC26DEE60} = {F3C7466D-B425-4C3A-9379-EB5CE635A165}
=======
		{173DACD1-4FED-4915-87BF-05E54AD3366B} = {39ED8800-838F-4650-9CE7-96326DF0E42F}
		{7A1DBC7E-54D8-406A-BC23-CBD788410E86} = {39ED8800-838F-4650-9CE7-96326DF0E42F}
		{00861A3D-3408-4198-A1F7-8F4C7839D1E0} = {822CFDA9-CDBE-4EDA-BEE7-0EE24079C0BB}
		{529C8C6F-5B0E-4760-8D10-8B324050A266} = {822CFDA9-CDBE-4EDA-BEE7-0EE24079C0BB}
		{632F9016-A745-44CB-9E8F-0DB651B64444} = {E4B28377-47F5-43B5-A5BF-8359AAC76A45}
		{E1446935-8554-41DE-B47A-8B973212C4F5} = {E4B28377-47F5-43B5-A5BF-8359AAC76A45}
		{204134EF-3FBD-431D-B651-6DBE0EBC081F} = {B1A194E2-6A80-4ED8-807F-33A799201C33}
		{B10409B3-E1B9-4914-B8B4-05C3542DDCB6} = {B1A194E2-6A80-4ED8-807F-33A799201C33}
		{01EA71EF-A923-49AE-A811-638129BADD7C} = {4CBE12AB-4A07-48DE-A735-9FEB8FFBC5D7}
		{A329F449-338A-4E3E-81D3-5034984F656B} = {4CBE12AB-4A07-48DE-A735-9FEB8FFBC5D7}
		{16B5E293-9F0C-4044-951E-5406CB5EE818} = {51ED2A94-BBF1-47B8-A55E-86F33BBE63C0}
		{35FF7C7F-B4B8-4AF1-9E47-AC147D3AB995} = {51ED2A94-BBF1-47B8-A55E-86F33BBE63C0}
		{B3624921-F8E2-4FE4-9E15-5528EB469F8F} = {6B29607D-336B-4F85-B2CB-E21927460691}
		{9ACD08F6-6216-4B9D-99EF-A871E114041C} = {6B29607D-336B-4F85-B2CB-E21927460691}
		{FABED2D1-F44B-47DE-809C-C9A957EFD1D8} = {BB47E349-3564-46D8-9821-F0C3FF1D200A}
		{F0E7F189-7C54-4BB9-A959-49166AE73B36} = {BB47E349-3564-46D8-9821-F0C3FF1D200A}
		{40E4CB3D-21FB-4483-A14F-6A2C9E89027D} = {AE7966A4-4436-474D-9E0F-07FF3CED5C0B}
		{8C5B6CA7-AA39-49F4-BA61-4959C539516F} = {AE7966A4-4436-474D-9E0F-07FF3CED5C0B}
		{32D97254-F176-44A0-8237-CF6FCC25A12F} = {38B00697-138C-45B9-818F-65163B3C7CB0}
		{3C96346E-A163-406C-8FEA-B99A7994F42A} = {38B00697-138C-45B9-818F-65163B3C7CB0}
		{C1088B80-7E93-47B7-934D-AA029B4FBE36} = {5EC436E0-90F4-45D0-999A-33E7A547307E}
		{B3C2006C-1B0A-4FD8-9E8C-2089E780708A} = {5EC436E0-90F4-45D0-999A-33E7A547307E}
>>>>>>> fbb8529e87fe2afde4b93ff8b4f1652326ae35d2
	EndGlobalSection
	GlobalSection(ExtensibilityGlobals) = postSolution
		SolutionGuid = {5410CE62-4C2F-48C8-AE45-4C99B2F2A890}
	EndGlobalSection
EndGlobal
