
Microsoft Visual Studio Solution File, Format Version 12.00
# Visual Studio Version 17
VisualStudioVersion = 17.8.34330.188
MinimumVisualStudioVersion = 10.0.40219.1
Project("{9A19103F-16F7-4668-BE54-9A1E7A4F7556}") = "BlogPost", "BlogPost\BlogPost.csproj", "{711C1132-9584-4D54-BB35-0B2F81B7F8E3}"
EndProject
Project("{9A19103F-16F7-4668-BE54-9A1E7A4F7556}") = "ZZZCodeChumTests", "CodeChumTests\ZZZCodeChumTests.csproj", "{31DE4F09-2E52-4FBE-8ECE-E3F0A671FB7B}"
EndProject
Project("{2150E333-8FDC-42A3-9474-1A3956D46DE8}") = "Labels", "Labels", "{E861286A-2268-444B-BA20-69FA12475483}"
EndProject
Project("{9A19103F-16F7-4668-BE54-9A1E7A4F7556}") = "Greetings", "Greetings\Greetings.csproj", "{ED5CFA51-3F5A-44B2-AF7F-1371ABA6368C}"
EndProject
Project("{2150E333-8FDC-42A3-9474-1A3956D46DE8}") = "Listbox and Combo Box", "Listbox and Combo Box", "{21A1D77B-3837-4BE2-B3B9-5CD2CBC800E3}"
EndProject
Project("{9A19103F-16F7-4668-BE54-9A1E7A4F7556}") = "MovieCatalogue", "MovieCatalogue\MovieCatalogue.csproj", "{0679CFD1-54F5-4B0B-89AF-986BF251DA41}"
EndProject
Project("{9A19103F-16F7-4668-BE54-9A1E7A4F7556}") = "TaskTracker", "TaskTracker\TaskTracker.csproj", "{C2371BAF-2C5F-494D-A5B7-9A8A03C4C7C0}"
EndProject
Project("{2150E333-8FDC-42A3-9474-1A3956D46DE8}") = "TextBoxControls", "TextBoxControls", "{C7A8F42A-33A7-4FBF-B0EB-E2A09C6E622F}"
EndProject
Project("{9A19103F-16F7-4668-BE54-9A1E7A4F7556}") = "MessageDecoder", "MessageDecoder\MessageDecoder.csproj", "{05DA80AA-DCD9-4EF1-A306-4C5CDC9A0054}"
EndProject
Project("{9A19103F-16F7-4668-BE54-9A1E7A4F7556}") = "ShoppingCart", "ShoppingCart\ShoppingCart.csproj", "{BF3FE213-494F-440A-B14E-543136F81CEA}"
EndProject
Project("{2150E333-8FDC-42A3-9474-1A3956D46DE8}") = "EventHandlers", "EventHandlers", "{694F084B-A5A0-470E-8D3B-EAA33BEFBAA8}"
EndProject
Project("{9A19103F-16F7-4668-BE54-9A1E7A4F7556}") = "MysticMessenger", "MysticMessenger\MysticMessenger.csproj", "{D1FBDB6B-07BB-401E-9F88-2046DD2C3B92}"
EndProject
Project("{9A19103F-16F7-4668-BE54-9A1E7A4F7556}") = "TemperatureConverter", "TemperatureConverter\TemperatureConverter.csproj", "{8C9BBAE3-2C24-4B09-9C2A-CBC8543BDD99}"
EndProject
Project("{2150E333-8FDC-42A3-9474-1A3956D46DE8}") = "MessageBoxes", "MessageBoxes", "{58B6D37A-F27B-4975-807F-AAF95205F472}"
EndProject
Project("{9A19103F-16F7-4668-BE54-9A1E7A4F7556}") = "RoboGreeter", "RoboGreeter\RoboGreeter.csproj", "{FB0AA576-E46A-4DD0-9236-EAB2FB2E353B}"
EndProject
Project("{9A19103F-16F7-4668-BE54-9A1E7A4F7556}") = "VirtualPet", "VirtualPet\VirtualPet.csproj", "{C4EF6858-4C97-4A6A-87D1-34A5A0900AF6}"
EndProject
Project("{2150E333-8FDC-42A3-9474-1A3956D46DE8}") = "ListVIew", "ListVIew", "{A29CC4A8-CCBA-49C4-9A1F-F5CAFEAFF28A}"
EndProject
Project("{9A19103F-16F7-4668-BE54-9A1E7A4F7556}") = "ContactManagement", "ContactManagement\ContactManagement.csproj", "{B7796831-4F6E-4479-85A6-E28FECB8321A}"
EndProject
Project("{9A19103F-16F7-4668-BE54-9A1E7A4F7556}") = "StudentInfo", "StudentInfo\StudentInfo.csproj", "{0DD3B019-2636-4045-B2C8-4B54FA3BF045}"
EndProject
Project("{2150E333-8FDC-42A3-9474-1A3956D46DE8}") = "CommonDialog", "CommonDialog", "{FA378437-69B4-4DA1-A9BA-CF7868EE17A6}"
EndProject
Project("{9A19103F-16F7-4668-BE54-9A1E7A4F7556}") = "PictureExplorer", "PictureExplorer\PictureExplorer.csproj", "{01A65F33-89D1-4C3D-804F-7446354EC398}"
EndProject
Project("{9A19103F-16F7-4668-BE54-9A1E7A4F7556}") = "TextFileMerger", "TextFileMerger\TextFileMerger.csproj", "{FEED6B8D-6B3D-4796-A029-6C91F8575B1E}"
EndProject
Project("{2150E333-8FDC-42A3-9474-1A3956D46DE8}") = "ModalDialog", "ModalDialog", "{08385201-8A5E-4896-9209-F3CD800A410D}"
EndProject
Project("{9A19103F-16F7-4668-BE54-9A1E7A4F7556}") = "ClassCreation", "ClassCreation\ClassCreation.csproj", "{A1EB948D-7F83-472C-ADBD-CB88B3AFAA25}"
EndProject
Project("{9A19103F-16F7-4668-BE54-9A1E7A4F7556}") = "InventoryManagement", "InventoryManagement\InventoryManagement.csproj", "{2678A726-4E38-42F0-B1AC-58DDE92291F9}"
EndProject
Project("{2150E333-8FDC-42A3-9474-1A3956D46DE8}") = "MainMenus", "MainMenus", "{B8068590-B341-4574-8BDC-3FC35542F4CC}"
EndProject
Project("{9A19103F-16F7-4668-BE54-9A1E7A4F7556}") = "CopyPasteMenus", "CopyPasteMenus\CopyPasteMenus.csproj", "{AB7AE961-924A-4D35-B0B6-8329055D21BE}"
EndProject
Project("{9A19103F-16F7-4668-BE54-9A1E7A4F7556}") = "DarkMode", "DarkMode\DarkMode.csproj", "{00AE8CD3-5074-431E-B280-7D4C75EEA005}"
EndProject
Project("{2150E333-8FDC-42A3-9474-1A3956D46DE8}") = "StatusBars", "StatusBars", "{5B2FAB83-501E-4884-BFB7-66FF903E87AA}"
EndProject
Project("{9A19103F-16F7-4668-BE54-9A1E7A4F7556}") = "TaskTrackerWithStatus", "TaskTrackerWithStatus\TaskTrackerWithStatus.csproj", "{C757E9E8-E2D3-4094-8B8B-AB48DAC42186}"
EndProject
Project("{9A19103F-16F7-4668-BE54-9A1E7A4F7556}") = "WeatherApp", "WeatherApp\WeatherApp.csproj", "{168CCAA6-931F-4777-BF03-C889D615924D}"
EndProject
Project("{2150E333-8FDC-42A3-9474-1A3956D46DE8}") = "Toolbars", "Toolbars", "{19794BB3-A9F0-444D-B43C-6035A8E3EE79}"
EndProject
Project("{9A19103F-16F7-4668-BE54-9A1E7A4F7556}") = "SimpleWordApp", "SimpleWordApp\SimpleWordApp.csproj", "{C0AD2F60-84AA-4485-93FD-A16C030D3886}"
EndProject
Project("{9A19103F-16F7-4668-BE54-9A1E7A4F7556}") = "DrawingCanvasApp", "DrawingCanvasApp\DrawingCanvasApp.csproj", "{9313E540-0B4A-4A84-9B88-A6FE6B2C8A0E}"
EndProject
Project("{2150E333-8FDC-42A3-9474-1A3956D46DE8}") = "Panel", "Panel", "{F3C7466D-B425-4C3A-9379-EB5CE635A165}"
EndProject
Project("{9A19103F-16F7-4668-BE54-9A1E7A4F7556}") = "VendingMachineApp", "VendingMachineApp\VendingMachineApp.csproj", "{506CE0C0-C9A8-4596-AC52-13A7466E63E5}"
EndProject
Project("{2150E333-8FDC-42A3-9474-1A3956D46DE8}") = "TreeView", "TreeView", "{C80A3965-5439-4CED-8393-748BC4418A37}"
EndProject
Project("{FAE04EC0-301F-11D3-BF4B-00C04F79EFBC}") = "DragDrop", "DragDrop\DragDrop.csproj", "{5F8709B7-7436-48AE-BD44-43314B975816}"
EndProject
Project("{FAE04EC0-301F-11D3-BF4B-00C04F79EFBC}") = "FileExplorer", "FileExplorer\FileExplorer.csproj", "{6BCBDE56-1843-4D33-85FE-273B2D7CBA91}"
EndProject
Project("{2150E333-8FDC-42A3-9474-1A3956D46DE8}") = "Splitter", "Splitter", "{0B80EA16-9BC5-44B9-9F8F-0AEA09D8BA27}"
EndProject
Project("{FAE04EC0-301F-11D3-BF4B-00C04F79EFBC}") = "BookInterface", "BookInterface\BookInterface.csproj", "{6F87CF60-1392-4B36-8041-F64FB20FBE70}"
EndProject
Project("{2150E333-8FDC-42A3-9474-1A3956D46DE8}") = "TabControl", "TabControl", "{D2E0500C-308D-4A23-AB46-14F8EAD276A2}"
EndProject
Project("{FAE04EC0-301F-11D3-BF4B-00C04F79EFBC}") = "BookLibrary", "BookLibrary\BookLibrary.csproj", "{D1A72FC8-E15E-411D-87D3-95D2D8D62DA3}"
EndProject
Global
	GlobalSection(SolutionConfigurationPlatforms) = preSolution
		Debug|Any CPU = Debug|Any CPU
		Release|Any CPU = Release|Any CPU
	EndGlobalSection
	GlobalSection(ProjectConfigurationPlatforms) = postSolution
		{711C1132-9584-4D54-BB35-0B2F81B7F8E3}.Debug|Any CPU.ActiveCfg = Debug|Any CPU
		{711C1132-9584-4D54-BB35-0B2F81B7F8E3}.Debug|Any CPU.Build.0 = Debug|Any CPU
		{711C1132-9584-4D54-BB35-0B2F81B7F8E3}.Release|Any CPU.ActiveCfg = Release|Any CPU
		{711C1132-9584-4D54-BB35-0B2F81B7F8E3}.Release|Any CPU.Build.0 = Release|Any CPU
		{31DE4F09-2E52-4FBE-8ECE-E3F0A671FB7B}.Debug|Any CPU.ActiveCfg = Debug|Any CPU
		{31DE4F09-2E52-4FBE-8ECE-E3F0A671FB7B}.Debug|Any CPU.Build.0 = Debug|Any CPU
		{31DE4F09-2E52-4FBE-8ECE-E3F0A671FB7B}.Release|Any CPU.ActiveCfg = Release|Any CPU
		{31DE4F09-2E52-4FBE-8ECE-E3F0A671FB7B}.Release|Any CPU.Build.0 = Release|Any CPU
		{ED5CFA51-3F5A-44B2-AF7F-1371ABA6368C}.Debug|Any CPU.ActiveCfg = Debug|Any CPU
		{ED5CFA51-3F5A-44B2-AF7F-1371ABA6368C}.Debug|Any CPU.Build.0 = Debug|Any CPU
		{ED5CFA51-3F5A-44B2-AF7F-1371ABA6368C}.Release|Any CPU.ActiveCfg = Release|Any CPU
		{ED5CFA51-3F5A-44B2-AF7F-1371ABA6368C}.Release|Any CPU.Build.0 = Release|Any CPU
		{0679CFD1-54F5-4B0B-89AF-986BF251DA41}.Debug|Any CPU.ActiveCfg = Debug|Any CPU
		{0679CFD1-54F5-4B0B-89AF-986BF251DA41}.Debug|Any CPU.Build.0 = Debug|Any CPU
		{0679CFD1-54F5-4B0B-89AF-986BF251DA41}.Release|Any CPU.ActiveCfg = Release|Any CPU
		{0679CFD1-54F5-4B0B-89AF-986BF251DA41}.Release|Any CPU.Build.0 = Release|Any CPU
		{C2371BAF-2C5F-494D-A5B7-9A8A03C4C7C0}.Debug|Any CPU.ActiveCfg = Debug|Any CPU
		{C2371BAF-2C5F-494D-A5B7-9A8A03C4C7C0}.Debug|Any CPU.Build.0 = Debug|Any CPU
		{C2371BAF-2C5F-494D-A5B7-9A8A03C4C7C0}.Release|Any CPU.ActiveCfg = Release|Any CPU
		{C2371BAF-2C5F-494D-A5B7-9A8A03C4C7C0}.Release|Any CPU.Build.0 = Release|Any CPU
		{05DA80AA-DCD9-4EF1-A306-4C5CDC9A0054}.Debug|Any CPU.ActiveCfg = Debug|Any CPU
		{05DA80AA-DCD9-4EF1-A306-4C5CDC9A0054}.Debug|Any CPU.Build.0 = Debug|Any CPU
		{05DA80AA-DCD9-4EF1-A306-4C5CDC9A0054}.Release|Any CPU.ActiveCfg = Release|Any CPU
		{05DA80AA-DCD9-4EF1-A306-4C5CDC9A0054}.Release|Any CPU.Build.0 = Release|Any CPU
		{BF3FE213-494F-440A-B14E-543136F81CEA}.Debug|Any CPU.ActiveCfg = Debug|Any CPU
		{BF3FE213-494F-440A-B14E-543136F81CEA}.Debug|Any CPU.Build.0 = Debug|Any CPU
		{BF3FE213-494F-440A-B14E-543136F81CEA}.Release|Any CPU.ActiveCfg = Release|Any CPU
		{BF3FE213-494F-440A-B14E-543136F81CEA}.Release|Any CPU.Build.0 = Release|Any CPU
		{D1FBDB6B-07BB-401E-9F88-2046DD2C3B92}.Debug|Any CPU.ActiveCfg = Debug|Any CPU
		{D1FBDB6B-07BB-401E-9F88-2046DD2C3B92}.Debug|Any CPU.Build.0 = Debug|Any CPU
		{D1FBDB6B-07BB-401E-9F88-2046DD2C3B92}.Release|Any CPU.ActiveCfg = Release|Any CPU
		{D1FBDB6B-07BB-401E-9F88-2046DD2C3B92}.Release|Any CPU.Build.0 = Release|Any CPU
		{8C9BBAE3-2C24-4B09-9C2A-CBC8543BDD99}.Debug|Any CPU.ActiveCfg = Debug|Any CPU
		{8C9BBAE3-2C24-4B09-9C2A-CBC8543BDD99}.Debug|Any CPU.Build.0 = Debug|Any CPU
		{8C9BBAE3-2C24-4B09-9C2A-CBC8543BDD99}.Release|Any CPU.ActiveCfg = Release|Any CPU
		{8C9BBAE3-2C24-4B09-9C2A-CBC8543BDD99}.Release|Any CPU.Build.0 = Release|Any CPU
		{FB0AA576-E46A-4DD0-9236-EAB2FB2E353B}.Debug|Any CPU.ActiveCfg = Debug|Any CPU
		{FB0AA576-E46A-4DD0-9236-EAB2FB2E353B}.Debug|Any CPU.Build.0 = Debug|Any CPU
		{FB0AA576-E46A-4DD0-9236-EAB2FB2E353B}.Release|Any CPU.ActiveCfg = Release|Any CPU
		{FB0AA576-E46A-4DD0-9236-EAB2FB2E353B}.Release|Any CPU.Build.0 = Release|Any CPU
		{C4EF6858-4C97-4A6A-87D1-34A5A0900AF6}.Debug|Any CPU.ActiveCfg = Debug|Any CPU
		{C4EF6858-4C97-4A6A-87D1-34A5A0900AF6}.Debug|Any CPU.Build.0 = Debug|Any CPU
		{C4EF6858-4C97-4A6A-87D1-34A5A0900AF6}.Release|Any CPU.ActiveCfg = Release|Any CPU
		{C4EF6858-4C97-4A6A-87D1-34A5A0900AF6}.Release|Any CPU.Build.0 = Release|Any CPU
		{B7796831-4F6E-4479-85A6-E28FECB8321A}.Debug|Any CPU.ActiveCfg = Debug|Any CPU
		{B7796831-4F6E-4479-85A6-E28FECB8321A}.Debug|Any CPU.Build.0 = Debug|Any CPU
		{B7796831-4F6E-4479-85A6-E28FECB8321A}.Release|Any CPU.ActiveCfg = Release|Any CPU
		{B7796831-4F6E-4479-85A6-E28FECB8321A}.Release|Any CPU.Build.0 = Release|Any CPU
		{0DD3B019-2636-4045-B2C8-4B54FA3BF045}.Debug|Any CPU.ActiveCfg = Debug|Any CPU
		{0DD3B019-2636-4045-B2C8-4B54FA3BF045}.Debug|Any CPU.Build.0 = Debug|Any CPU
		{0DD3B019-2636-4045-B2C8-4B54FA3BF045}.Release|Any CPU.ActiveCfg = Release|Any CPU
		{0DD3B019-2636-4045-B2C8-4B54FA3BF045}.Release|Any CPU.Build.0 = Release|Any CPU
		{01A65F33-89D1-4C3D-804F-7446354EC398}.Debug|Any CPU.ActiveCfg = Debug|Any CPU
		{01A65F33-89D1-4C3D-804F-7446354EC398}.Debug|Any CPU.Build.0 = Debug|Any CPU
		{01A65F33-89D1-4C3D-804F-7446354EC398}.Release|Any CPU.ActiveCfg = Release|Any CPU
		{01A65F33-89D1-4C3D-804F-7446354EC398}.Release|Any CPU.Build.0 = Release|Any CPU
		{FEED6B8D-6B3D-4796-A029-6C91F8575B1E}.Debug|Any CPU.ActiveCfg = Debug|Any CPU
		{FEED6B8D-6B3D-4796-A029-6C91F8575B1E}.Debug|Any CPU.Build.0 = Debug|Any CPU
		{FEED6B8D-6B3D-4796-A029-6C91F8575B1E}.Release|Any CPU.ActiveCfg = Release|Any CPU
		{FEED6B8D-6B3D-4796-A029-6C91F8575B1E}.Release|Any CPU.Build.0 = Release|Any CPU
		{A1EB948D-7F83-472C-ADBD-CB88B3AFAA25}.Debug|Any CPU.ActiveCfg = Debug|Any CPU
		{A1EB948D-7F83-472C-ADBD-CB88B3AFAA25}.Debug|Any CPU.Build.0 = Debug|Any CPU
		{A1EB948D-7F83-472C-ADBD-CB88B3AFAA25}.Release|Any CPU.ActiveCfg = Release|Any CPU
		{A1EB948D-7F83-472C-ADBD-CB88B3AFAA25}.Release|Any CPU.Build.0 = Release|Any CPU
		{2678A726-4E38-42F0-B1AC-58DDE92291F9}.Debug|Any CPU.ActiveCfg = Debug|Any CPU
		{2678A726-4E38-42F0-B1AC-58DDE92291F9}.Debug|Any CPU.Build.0 = Debug|Any CPU
		{2678A726-4E38-42F0-B1AC-58DDE92291F9}.Release|Any CPU.ActiveCfg = Release|Any CPU
		{2678A726-4E38-42F0-B1AC-58DDE92291F9}.Release|Any CPU.Build.0 = Release|Any CPU
		{AB7AE961-924A-4D35-B0B6-8329055D21BE}.Debug|Any CPU.ActiveCfg = Debug|Any CPU
		{AB7AE961-924A-4D35-B0B6-8329055D21BE}.Debug|Any CPU.Build.0 = Debug|Any CPU
		{AB7AE961-924A-4D35-B0B6-8329055D21BE}.Release|Any CPU.ActiveCfg = Release|Any CPU
		{AB7AE961-924A-4D35-B0B6-8329055D21BE}.Release|Any CPU.Build.0 = Release|Any CPU
		{00AE8CD3-5074-431E-B280-7D4C75EEA005}.Debug|Any CPU.ActiveCfg = Debug|Any CPU
		{00AE8CD3-5074-431E-B280-7D4C75EEA005}.Debug|Any CPU.Build.0 = Debug|Any CPU
		{00AE8CD3-5074-431E-B280-7D4C75EEA005}.Release|Any CPU.ActiveCfg = Release|Any CPU
		{00AE8CD3-5074-431E-B280-7D4C75EEA005}.Release|Any CPU.Build.0 = Release|Any CPU
		{C757E9E8-E2D3-4094-8B8B-AB48DAC42186}.Debug|Any CPU.ActiveCfg = Debug|Any CPU
		{C757E9E8-E2D3-4094-8B8B-AB48DAC42186}.Debug|Any CPU.Build.0 = Debug|Any CPU
		{C757E9E8-E2D3-4094-8B8B-AB48DAC42186}.Release|Any CPU.ActiveCfg = Release|Any CPU
		{C757E9E8-E2D3-4094-8B8B-AB48DAC42186}.Release|Any CPU.Build.0 = Release|Any CPU
		{168CCAA6-931F-4777-BF03-C889D615924D}.Debug|Any CPU.ActiveCfg = Debug|Any CPU
		{168CCAA6-931F-4777-BF03-C889D615924D}.Debug|Any CPU.Build.0 = Debug|Any CPU
		{168CCAA6-931F-4777-BF03-C889D615924D}.Release|Any CPU.ActiveCfg = Release|Any CPU
		{168CCAA6-931F-4777-BF03-C889D615924D}.Release|Any CPU.Build.0 = Release|Any CPU
		{C0AD2F60-84AA-4485-93FD-A16C030D3886}.Debug|Any CPU.ActiveCfg = Debug|Any CPU
		{C0AD2F60-84AA-4485-93FD-A16C030D3886}.Debug|Any CPU.Build.0 = Debug|Any CPU
		{C0AD2F60-84AA-4485-93FD-A16C030D3886}.Release|Any CPU.ActiveCfg = Release|Any CPU
		{C0AD2F60-84AA-4485-93FD-A16C030D3886}.Release|Any CPU.Build.0 = Release|Any CPU
		{9313E540-0B4A-4A84-9B88-A6FE6B2C8A0E}.Debug|Any CPU.ActiveCfg = Debug|Any CPU
		{9313E540-0B4A-4A84-9B88-A6FE6B2C8A0E}.Debug|Any CPU.Build.0 = Debug|Any CPU
		{9313E540-0B4A-4A84-9B88-A6FE6B2C8A0E}.Release|Any CPU.ActiveCfg = Release|Any CPU
		{9313E540-0B4A-4A84-9B88-A6FE6B2C8A0E}.Release|Any CPU.Build.0 = Release|Any CPU
		{506CE0C0-C9A8-4596-AC52-13A7466E63E5}.Debug|Any CPU.ActiveCfg = Debug|Any CPU
		{506CE0C0-C9A8-4596-AC52-13A7466E63E5}.Debug|Any CPU.Build.0 = Debug|Any CPU
		{506CE0C0-C9A8-4596-AC52-13A7466E63E5}.Release|Any CPU.ActiveCfg = Release|Any CPU
		{506CE0C0-C9A8-4596-AC52-13A7466E63E5}.Release|Any CPU.Build.0 = Release|Any CPU
		{5F8709B7-7436-48AE-BD44-43314B975816}.Debug|Any CPU.ActiveCfg = Debug|Any CPU
		{5F8709B7-7436-48AE-BD44-43314B975816}.Debug|Any CPU.Build.0 = Debug|Any CPU
		{5F8709B7-7436-48AE-BD44-43314B975816}.Release|Any CPU.ActiveCfg = Release|Any CPU
		{5F8709B7-7436-48AE-BD44-43314B975816}.Release|Any CPU.Build.0 = Release|Any CPU
		{6BCBDE56-1843-4D33-85FE-273B2D7CBA91}.Debug|Any CPU.ActiveCfg = Debug|Any CPU
		{6BCBDE56-1843-4D33-85FE-273B2D7CBA91}.Debug|Any CPU.Build.0 = Debug|Any CPU
		{6BCBDE56-1843-4D33-85FE-273B2D7CBA91}.Release|Any CPU.ActiveCfg = Release|Any CPU
		{6BCBDE56-1843-4D33-85FE-273B2D7CBA91}.Release|Any CPU.Build.0 = Release|Any CPU
		{6F87CF60-1392-4B36-8041-F64FB20FBE70}.Debug|Any CPU.ActiveCfg = Debug|Any CPU
		{6F87CF60-1392-4B36-8041-F64FB20FBE70}.Debug|Any CPU.Build.0 = Debug|Any CPU
		{6F87CF60-1392-4B36-8041-F64FB20FBE70}.Release|Any CPU.ActiveCfg = Release|Any CPU
		{6F87CF60-1392-4B36-8041-F64FB20FBE70}.Release|Any CPU.Build.0 = Release|Any CPU
		{D1A72FC8-E15E-411D-87D3-95D2D8D62DA3}.Debug|Any CPU.ActiveCfg = Debug|Any CPU
		{D1A72FC8-E15E-411D-87D3-95D2D8D62DA3}.Debug|Any CPU.Build.0 = Debug|Any CPU
		{D1A72FC8-E15E-411D-87D3-95D2D8D62DA3}.Release|Any CPU.ActiveCfg = Release|Any CPU
		{D1A72FC8-E15E-411D-87D3-95D2D8D62DA3}.Release|Any CPU.Build.0 = Release|Any CPU
	EndGlobalSection
	GlobalSection(SolutionProperties) = preSolution
		HideSolutionNode = FALSE
	EndGlobalSection
	GlobalSection(NestedProjects) = preSolution
		{711C1132-9584-4D54-BB35-0B2F81B7F8E3} = {E861286A-2268-444B-BA20-69FA12475483}
		{ED5CFA51-3F5A-44B2-AF7F-1371ABA6368C} = {E861286A-2268-444B-BA20-69FA12475483}
		{21A1D77B-3837-4BE2-B3B9-5CD2CBC800E3} = {E861286A-2268-444B-BA20-69FA12475483}
		{0679CFD1-54F5-4B0B-89AF-986BF251DA41} = {21A1D77B-3837-4BE2-B3B9-5CD2CBC800E3}
		{C2371BAF-2C5F-494D-A5B7-9A8A03C4C7C0} = {21A1D77B-3837-4BE2-B3B9-5CD2CBC800E3}
		{C7A8F42A-33A7-4FBF-B0EB-E2A09C6E622F} = {E861286A-2268-444B-BA20-69FA12475483}
		{05DA80AA-DCD9-4EF1-A306-4C5CDC9A0054} = {C7A8F42A-33A7-4FBF-B0EB-E2A09C6E622F}
		{BF3FE213-494F-440A-B14E-543136F81CEA} = {C7A8F42A-33A7-4FBF-B0EB-E2A09C6E622F}
		{694F084B-A5A0-470E-8D3B-EAA33BEFBAA8} = {E861286A-2268-444B-BA20-69FA12475483}
		{D1FBDB6B-07BB-401E-9F88-2046DD2C3B92} = {694F084B-A5A0-470E-8D3B-EAA33BEFBAA8}
		{8C9BBAE3-2C24-4B09-9C2A-CBC8543BDD99} = {694F084B-A5A0-470E-8D3B-EAA33BEFBAA8}
		{58B6D37A-F27B-4975-807F-AAF95205F472} = {E861286A-2268-444B-BA20-69FA12475483}
		{FB0AA576-E46A-4DD0-9236-EAB2FB2E353B} = {58B6D37A-F27B-4975-807F-AAF95205F472}
		{C4EF6858-4C97-4A6A-87D1-34A5A0900AF6} = {58B6D37A-F27B-4975-807F-AAF95205F472}
		{A29CC4A8-CCBA-49C4-9A1F-F5CAFEAFF28A} = {E861286A-2268-444B-BA20-69FA12475483}
		{B7796831-4F6E-4479-85A6-E28FECB8321A} = {A29CC4A8-CCBA-49C4-9A1F-F5CAFEAFF28A}
		{0DD3B019-2636-4045-B2C8-4B54FA3BF045} = {A29CC4A8-CCBA-49C4-9A1F-F5CAFEAFF28A}
		{FA378437-69B4-4DA1-A9BA-CF7868EE17A6} = {E861286A-2268-444B-BA20-69FA12475483}
		{01A65F33-89D1-4C3D-804F-7446354EC398} = {FA378437-69B4-4DA1-A9BA-CF7868EE17A6}
		{FEED6B8D-6B3D-4796-A029-6C91F8575B1E} = {FA378437-69B4-4DA1-A9BA-CF7868EE17A6}
		{08385201-8A5E-4896-9209-F3CD800A410D} = {E861286A-2268-444B-BA20-69FA12475483}
		{A1EB948D-7F83-472C-ADBD-CB88B3AFAA25} = {08385201-8A5E-4896-9209-F3CD800A410D}
		{2678A726-4E38-42F0-B1AC-58DDE92291F9} = {08385201-8A5E-4896-9209-F3CD800A410D}
		{B8068590-B341-4574-8BDC-3FC35542F4CC} = {E861286A-2268-444B-BA20-69FA12475483}
		{AB7AE961-924A-4D35-B0B6-8329055D21BE} = {B8068590-B341-4574-8BDC-3FC35542F4CC}
		{00AE8CD3-5074-431E-B280-7D4C75EEA005} = {B8068590-B341-4574-8BDC-3FC35542F4CC}
		{5B2FAB83-501E-4884-BFB7-66FF903E87AA} = {E861286A-2268-444B-BA20-69FA12475483}
		{C757E9E8-E2D3-4094-8B8B-AB48DAC42186} = {5B2FAB83-501E-4884-BFB7-66FF903E87AA}
		{168CCAA6-931F-4777-BF03-C889D615924D} = {5B2FAB83-501E-4884-BFB7-66FF903E87AA}
		{19794BB3-A9F0-444D-B43C-6035A8E3EE79} = {E861286A-2268-444B-BA20-69FA12475483}
		{C0AD2F60-84AA-4485-93FD-A16C030D3886} = {19794BB3-A9F0-444D-B43C-6035A8E3EE79}
		{9313E540-0B4A-4A84-9B88-A6FE6B2C8A0E} = {19794BB3-A9F0-444D-B43C-6035A8E3EE79}
		{F3C7466D-B425-4C3A-9379-EB5CE635A165} = {E861286A-2268-444B-BA20-69FA12475483}
		{506CE0C0-C9A8-4596-AC52-13A7466E63E5} = {F3C7466D-B425-4C3A-9379-EB5CE635A165}
		{C80A3965-5439-4CED-8393-748BC4418A37} = {E861286A-2268-444B-BA20-69FA12475483}
		{5F8709B7-7436-48AE-BD44-43314B975816} = {C80A3965-5439-4CED-8393-748BC4418A37}
		{6BCBDE56-1843-4D33-85FE-273B2D7CBA91} = {C80A3965-5439-4CED-8393-748BC4418A37}
		{0B80EA16-9BC5-44B9-9F8F-0AEA09D8BA27} = {E861286A-2268-444B-BA20-69FA12475483}
		{6F87CF60-1392-4B36-8041-F64FB20FBE70} = {0B80EA16-9BC5-44B9-9F8F-0AEA09D8BA27}
		{D2E0500C-308D-4A23-AB46-14F8EAD276A2} = {E861286A-2268-444B-BA20-69FA12475483}
		{D1A72FC8-E15E-411D-87D3-95D2D8D62DA3} = {D2E0500C-308D-4A23-AB46-14F8EAD276A2}
	EndGlobalSection
	GlobalSection(ExtensibilityGlobals) = postSolution
		SolutionGuid = {5410CE62-4C2F-48C8-AE45-4C99B2F2A890}
	EndGlobalSection
EndGlobal
